// !$*UTF8*$!
{
	archiveVersion = 1;
	classes = {
	};
	objectVersion = 46;
	objects = {

/* Begin PBXBuildFile section */
		200FE97B1B1CA9FF00B87640 /* NotificationViewController.m in Sources */ = {isa = PBXBuildFile; fileRef = 200FE97A1B1CA9FF00B87640 /* NotificationViewController.m */; };
		201186161B419AF400A59D55 /* adBkg@2x.png in Resources */ = {isa = PBXBuildFile; fileRef = 201186151B419AF400A59D55 /* adBkg@2x.png */; };
		201703381B0E4429004E280E /* main.m in Sources */ = {isa = PBXBuildFile; fileRef = 201703371B0E4429004E280E /* main.m */; };
		2017033B1B0E4429004E280E /* AppDelegate.m in Sources */ = {isa = PBXBuildFile; fileRef = 2017033A1B0E4429004E280E /* AppDelegate.m */; };
		201703411B0E4429004E280E /* Main.storyboard in Resources */ = {isa = PBXBuildFile; fileRef = 2017033F1B0E4429004E280E /* Main.storyboard */; };
		201703431B0E4429004E280E /* Images.xcassets in Resources */ = {isa = PBXBuildFile; fileRef = 201703421B0E4429004E280E /* Images.xcassets */; };
		201703461B0E4429004E280E /* LaunchScreen.xib in Resources */ = {isa = PBXBuildFile; fileRef = 201703441B0E4429004E280E /* LaunchScreen.xib */; };
		201703521B0E4429004E280E /* AdenaDataTests.m in Sources */ = {isa = PBXBuildFile; fileRef = 201703511B0E4429004E280E /* AdenaDataTests.m */; };
		201703731B0E4748004E280E /* AudioToolbox.framework in Frameworks */ = {isa = PBXBuildFile; fileRef = 201703681B0E4748004E280E /* AudioToolbox.framework */; };
		201703741B0E4748004E280E /* CFNetwork.framework in Frameworks */ = {isa = PBXBuildFile; fileRef = 201703691B0E4748004E280E /* CFNetwork.framework */; };
		201703751B0E4748004E280E /* CoreGraphics.framework in Frameworks */ = {isa = PBXBuildFile; fileRef = 2017036A1B0E4748004E280E /* CoreGraphics.framework */; };
		201703761B0E4748004E280E /* CoreLocation.framework in Frameworks */ = {isa = PBXBuildFile; fileRef = 2017036B1B0E4748004E280E /* CoreLocation.framework */; };
		201703771B0E4748004E280E /* libsqlite3.dylib in Frameworks */ = {isa = PBXBuildFile; fileRef = 2017036C1B0E4748004E280E /* libsqlite3.dylib */; };
		201703781B0E4748004E280E /* libz.dylib in Frameworks */ = {isa = PBXBuildFile; fileRef = 2017036D1B0E4748004E280E /* libz.dylib */; };
		201703791B0E4748004E280E /* MobileCoreServices.framework in Frameworks */ = {isa = PBXBuildFile; fileRef = 2017036E1B0E4748004E280E /* MobileCoreServices.framework */; };
		2017037A1B0E4748004E280E /* QuartzCore.framework in Frameworks */ = {isa = PBXBuildFile; fileRef = 2017036F1B0E4748004E280E /* QuartzCore.framework */; };
		2017037B1B0E4748004E280E /* Security.framework in Frameworks */ = {isa = PBXBuildFile; fileRef = 201703701B0E4748004E280E /* Security.framework */; };
		2017037C1B0E4748004E280E /* StoreKit.framework in Frameworks */ = {isa = PBXBuildFile; fileRef = 201703711B0E4748004E280E /* StoreKit.framework */; };
		2017037D1B0E4748004E280E /* SystemConfiguration.framework in Frameworks */ = {isa = PBXBuildFile; fileRef = 201703721B0E4748004E280E /* SystemConfiguration.framework */; };
		201703801B0E4808004E280E /* HomeViewController.m in Sources */ = {isa = PBXBuildFile; fileRef = 2017037F1B0E4808004E280E /* HomeViewController.m */; };
		201703831B0E4824004E280E /* NewsTableViewController.m in Sources */ = {isa = PBXBuildFile; fileRef = 201703821B0E4824004E280E /* NewsTableViewController.m */; };
		201703881B0E4853004E280E /* EventsTableViewController.m in Sources */ = {isa = PBXBuildFile; fileRef = 201703871B0E4853004E280E /* EventsTableViewController.m */; };
		2017038C1B0E48EF004E280E /* NewsTableCell.m in Sources */ = {isa = PBXBuildFile; fileRef = 2017038B1B0E48EF004E280E /* NewsTableCell.m */; };
		2017038F1B0E4902004E280E /* EventsTableCell.m in Sources */ = {isa = PBXBuildFile; fileRef = 2017038E1B0E4902004E280E /* EventsTableCell.m */; };
		201703921B0E4A83004E280E /* NewsDetailViewController.m in Sources */ = {isa = PBXBuildFile; fileRef = 201703911B0E4A83004E280E /* NewsDetailViewController.m */; };
		201703971B0E4B40004E280E /* ProgressHUD.bundle in Resources */ = {isa = PBXBuildFile; fileRef = 201703941B0E4B40004E280E /* ProgressHUD.bundle */; };
		201703981B0E4B40004E280E /* ProgressHUD.m in Sources */ = {isa = PBXBuildFile; fileRef = 201703961B0E4B40004E280E /* ProgressHUD.m */; };
		2017039B1B0E502F004E280E /* NewsArticle.m in Sources */ = {isa = PBXBuildFile; fileRef = 2017039A1B0E502F004E280E /* NewsArticle.m */; };
		201703C31B0E5BAB004E280E /* DateTools.bundle in Resources */ = {isa = PBXBuildFile; fileRef = 201703B41B0E5BAB004E280E /* DateTools.bundle */; };
		201703C41B0E5BAB004E280E /* DTError.m in Sources */ = {isa = PBXBuildFile; fileRef = 201703B81B0E5BAB004E280E /* DTError.m */; };
		201703C51B0E5BAB004E280E /* DTTimePeriod.m in Sources */ = {isa = PBXBuildFile; fileRef = 201703BA1B0E5BAB004E280E /* DTTimePeriod.m */; };
		201703C61B0E5BAB004E280E /* DTTimePeriodChain.m in Sources */ = {isa = PBXBuildFile; fileRef = 201703BC1B0E5BAB004E280E /* DTTimePeriodChain.m */; };
		201703C71B0E5BAB004E280E /* DTTimePeriodCollection.m in Sources */ = {isa = PBXBuildFile; fileRef = 201703BE1B0E5BAB004E280E /* DTTimePeriodCollection.m */; };
		201703C81B0E5BAB004E280E /* DTTimePeriodGroup.m in Sources */ = {isa = PBXBuildFile; fileRef = 201703C01B0E5BAB004E280E /* DTTimePeriodGroup.m */; };
		201703C91B0E5BAB004E280E /* NSDate+DateTools.m in Sources */ = {isa = PBXBuildFile; fileRef = 201703C21B0E5BAB004E280E /* NSDate+DateTools.m */; };
		201703CD1B0E63B9004E280E /* Event.m in Sources */ = {isa = PBXBuildFile; fileRef = 201703CC1B0E63B9004E280E /* Event.m */; };
		201703D01B0E654E004E280E /* orangeBar@2x.png in Resources */ = {isa = PBXBuildFile; fileRef = 201703CF1B0E654E004E280E /* orangeBar@2x.png */; };
		201703D21B0E6665004E280E /* TableCellFade.png in Resources */ = {isa = PBXBuildFile; fileRef = 201703D11B0E6665004E280E /* TableCellFade.png */; };
		201703DF1B0E7712004E280E /* event@2x.png in Resources */ = {isa = PBXBuildFile; fileRef = 201703DC1B0E7712004E280E /* event@2x.png */; };
		201703E11B0E7712004E280E /* news@2x.png in Resources */ = {isa = PBXBuildFile; fileRef = 201703DE1B0E7712004E280E /* news@2x.png */; };
		201703E31B0E783D004E280E /* home@2x.png in Resources */ = {isa = PBXBuildFile; fileRef = 201703E21B0E783D004E280E /* home@2x.png */; };
		201703E61B0E861A004E280E /* EventDetailTableViewController.m in Sources */ = {isa = PBXBuildFile; fileRef = 201703E51B0E861A004E280E /* EventDetailTableViewController.m */; };
		201703EA1B0EA590004E280E /* calendar@2x.png in Resources */ = {isa = PBXBuildFile; fileRef = 201703E91B0EA590004E280E /* calendar@2x.png */; };
		201703EE1B0EA73D004E280E /* link@2x.png in Resources */ = {isa = PBXBuildFile; fileRef = 201703ED1B0EA73D004E280E /* link@2x.png */; };
		201703F01B0EA9AA004E280E /* info@2x.png in Resources */ = {isa = PBXBuildFile; fileRef = 201703EF1B0EA9AA004E280E /* info@2x.png */; };
		201703F41B0EAF03004E280E /* adenaDataSmall@2x.png in Resources */ = {isa = PBXBuildFile; fileRef = 201703F31B0EAF03004E280E /* adenaDataSmall@2x.png */; };
		201703F61B0EBE1D004E280E /* grayView@2x.png in Resources */ = {isa = PBXBuildFile; fileRef = 201703F51B0EBE1D004E280E /* grayView@2x.png */; };
		201703F81B0EBE92004E280E /* DealView.png in Resources */ = {isa = PBXBuildFile; fileRef = 201703F71B0EBE92004E280E /* DealView.png */; };
		201703FB1B0EC782004E280E /* photo-frame.png in Resources */ = {isa = PBXBuildFile; fileRef = 201703F91B0EC782004E280E /* photo-frame.png */; };
		201703FC1B0EC782004E280E /* photo-frame@2x.png in Resources */ = {isa = PBXBuildFile; fileRef = 201703FA1B0EC782004E280E /* photo-frame@2x.png */; };
		201703FE1B0F6C57004E280E /* adThumbnail.jpeg in Resources */ = {isa = PBXBuildFile; fileRef = 201703FD1B0F6C57004E280E /* adThumbnail.jpeg */; };
		203A1B791B16061700E0D132 /* cancelWhite@2x.png in Resources */ = {isa = PBXBuildFile; fileRef = 203A1B781B16061700E0D132 /* cancelWhite@2x.png */; };
		20497DE81B6552D6004A2950 /* addPost@2x.png in Resources */ = {isa = PBXBuildFile; fileRef = 20497DE71B6552D6004A2950 /* addPost@2x.png */; };
		20497E391B6815CB004A2950 /* CustomNavController.m in Sources */ = {isa = PBXBuildFile; fileRef = 20497E381B6815CB004A2950 /* CustomNavController.m */; };
		20497E3C1B682636004A2950 /* ADNowNavController.m in Sources */ = {isa = PBXBuildFile; fileRef = 20497E3B1B682636004A2950 /* ADNowNavController.m */; };
		20497E401B6846B3004A2950 /* adBkgNew@2x.png in Resources */ = {isa = PBXBuildFile; fileRef = 20497E3F1B6846B3004A2950 /* adBkgNew@2x.png */; };
		20497E461B684E90004A2950 /* adNow@2x.png in Resources */ = {isa = PBXBuildFile; fileRef = 20497E451B684E90004A2950 /* adNow@2x.png */; };
		20497E481B6852F0004A2950 /* jump@2x.png in Resources */ = {isa = PBXBuildFile; fileRef = 20497E471B6852F0004A2950 /* jump@2x.png */; };
		20497E4B1B6AD335004A2950 /* LocationViewController.m in Sources */ = {isa = PBXBuildFile; fileRef = 20497E4A1B6AD335004A2950 /* LocationViewController.m */; };
		20497E4E1B6FA46F004A2950 /* searchBarYap.png in Resources */ = {isa = PBXBuildFile; fileRef = 20497E4D1B6FA46F004A2950 /* searchBarYap.png */; };
		20497E521B6FA7F5004A2950 /* searchBkg.png in Resources */ = {isa = PBXBuildFile; fileRef = 20497E511B6FA7F5004A2950 /* searchBkg.png */; };
		20497E5B1B6FA9FD004A2950 /* TourViewController.m in Sources */ = {isa = PBXBuildFile; fileRef = 20497E571B6FA9FD004A2950 /* TourViewController.m */; };
		20497E671B6FE032004A2950 /* tour1.png in Resources */ = {isa = PBXBuildFile; fileRef = 20497E651B6FE032004A2950 /* tour1.png */; };
		20497E681B6FE032004A2950 /* tour2.png in Resources */ = {isa = PBXBuildFile; fileRef = 20497E661B6FE032004A2950 /* tour2.png */; };
		20497E6A1B6FE0EC004A2950 /* tour3.png in Resources */ = {isa = PBXBuildFile; fileRef = 20497E691B6FE0EC004A2950 /* tour3.png */; };
		207804EA1E32B75A00F7AFE9 /* Default-568h@2x.png in Resources */ = {isa = PBXBuildFile; fileRef = 207804E91E32B75A00F7AFE9 /* Default-568h@2x.png */; };
		20790A531B571C870045481A /* ForumTableViewController.m in Sources */ = {isa = PBXBuildFile; fileRef = 20790A521B571C870045481A /* ForumTableViewController.m */; };
		20790A571B571CB50045481A /* ForumTableCell.m in Sources */ = {isa = PBXBuildFile; fileRef = 20790A561B571CB50045481A /* ForumTableCell.m */; };
		20790A611B571F1D0045481A /* adLogo2@2x.png in Resources */ = {isa = PBXBuildFile; fileRef = 20790A601B571F1D0045481A /* adLogo2@2x.png */; };
		20790A661B571FC20045481A /* AddPostTableViewController.m in Sources */ = {isa = PBXBuildFile; fileRef = 20790A651B571FC20045481A /* AddPostTableViewController.m */; };
		20790A691B5724430045481A /* addPhoto@2x.png in Resources */ = {isa = PBXBuildFile; fileRef = 20790A681B5724430045481A /* addPhoto@2x.png */; };
		20790A6C1B57375B0045481A /* JGActionSheet.m in Sources */ = {isa = PBXBuildFile; fileRef = 20790A6B1B57375B0045481A /* JGActionSheet.m */; };
		20790A6F1B5749F40045481A /* addPostTwo@2x.png in Resources */ = {isa = PBXBuildFile; fileRef = 20790A6E1B5749F40045481A /* addPostTwo@2x.png */; };
		20790A721B57F1890045481A /* PostDetailTableViewController.m in Sources */ = {isa = PBXBuildFile; fileRef = 20790A711B57F1890045481A /* PostDetailTableViewController.m */; };
		20790A741B57F9970045481A /* mapIcon@2x.png in Resources */ = {isa = PBXBuildFile; fileRef = 20790A731B57F9970045481A /* mapIcon@2x.png */; };
		20790A761B58013E0045481A /* adBkg2@2x.png in Resources */ = {isa = PBXBuildFile; fileRef = 20790A751B58013E0045481A /* adBkg2@2x.png */; };
		20790A791B58019B0045481A /* WelcomeViewController.m in Sources */ = {isa = PBXBuildFile; fileRef = 20790A781B58019B0045481A /* WelcomeViewController.m */; };
		20790A7B1B5817540045481A /* clock@2x.png in Resources */ = {isa = PBXBuildFile; fileRef = 20790A7A1B5817540045481A /* clock@2x.png */; };
		20886C811B1618CF0046FB59 /* AbstractActionSheetPicker.m in Sources */ = {isa = PBXBuildFile; fileRef = 20886C701B1618CF0046FB59 /* AbstractActionSheetPicker.m */; };
		20886C821B1618CF0046FB59 /* ActionSheetCustomPicker.m in Sources */ = {isa = PBXBuildFile; fileRef = 20886C721B1618CF0046FB59 /* ActionSheetCustomPicker.m */; };
		20886C831B1618CF0046FB59 /* ActionSheetDatePicker.m in Sources */ = {isa = PBXBuildFile; fileRef = 20886C751B1618CF0046FB59 /* ActionSheetDatePicker.m */; };
		20886C841B1618CF0046FB59 /* ActionSheetDistancePicker.m in Sources */ = {isa = PBXBuildFile; fileRef = 20886C771B1618CF0046FB59 /* ActionSheetDistancePicker.m */; };
		20886C851B1618CF0046FB59 /* ActionSheetLocalePicker.m in Sources */ = {isa = PBXBuildFile; fileRef = 20886C791B1618CF0046FB59 /* ActionSheetLocalePicker.m */; };
		20886C861B1618CF0046FB59 /* ActionSheetStringPicker.m in Sources */ = {isa = PBXBuildFile; fileRef = 20886C7C1B1618CF0046FB59 /* ActionSheetStringPicker.m */; };
		20886C871B1618CF0046FB59 /* DistancePickerView.m in Sources */ = {isa = PBXBuildFile; fileRef = 20886C7E1B1618CF0046FB59 /* DistancePickerView.m */; };
		20886C881B1618CF0046FB59 /* SWActionSheet.m in Sources */ = {isa = PBXBuildFile; fileRef = 20886C801B1618CF0046FB59 /* SWActionSheet.m */; };
		20886C8B1B163B2D0046FB59 /* JobDetailTableViewController.m in Sources */ = {isa = PBXBuildFile; fileRef = 20886C8A1B163B2D0046FB59 /* JobDetailTableViewController.m */; };
		20886C8F1B1670D50046FB59 /* UIScrollView+EmptyDataSet.m in Sources */ = {isa = PBXBuildFile; fileRef = 20886C8E1B1670D50046FB59 /* UIScrollView+EmptyDataSet.m */; };
		2090276B1B1D14DF003637F0 /* LICENSE in Resources */ = {isa = PBXBuildFile; fileRef = 209027621B1D14DF003637F0 /* LICENSE */; };
		2090276C1B1D14DF003637F0 /* README.md in Sources */ = {isa = PBXBuildFile; fileRef = 209027631B1D14DF003637F0 /* README.md */; };
		2090276D1B1D14DF003637F0 /* RIButtonItem.m in Sources */ = {isa = PBXBuildFile; fileRef = 209027651B1D14DF003637F0 /* RIButtonItem.m */; };
		2090276E1B1D14DF003637F0 /* UIActionSheet+Blocks.m in Sources */ = {isa = PBXBuildFile; fileRef = 209027671B1D14DF003637F0 /* UIActionSheet+Blocks.m */; };
		2090276F1B1D14DF003637F0 /* UIAlertView+Blocks.m in Sources */ = {isa = PBXBuildFile; fileRef = 209027691B1D14DF003637F0 /* UIAlertView+Blocks.m */; };
		209027701B1D14DF003637F0 /* UIAlertView-Blocks.podspec in Resources */ = {isa = PBXBuildFile; fileRef = 2090276A1B1D14DF003637F0 /* UIAlertView-Blocks.podspec */; };
		20A8CB841E1D60C200307EF7 /* GoogleService-Info.plist in Resources */ = {isa = PBXBuildFile; fileRef = 20A8CB831E1D60C200307EF7 /* GoogleService-Info.plist */; };
		20C4E0211E1F08BE0012ECC3 /* adBkgAug@2x.png in Resources */ = {isa = PBXBuildFile; fileRef = 20C4E0201E1F08BE0012ECC3 /* adBkgAug@2x.png */; };
		20EEEFC71B155B6C007EF98D /* jobs@2x.png in Resources */ = {isa = PBXBuildFile; fileRef = 20EEEFC61B155B6C007EF98D /* jobs@2x.png */; };
		20EEEFCE1B155E85007EF98D /* JobsTableCell.m in Sources */ = {isa = PBXBuildFile; fileRef = 20EEEFCD1B155E85007EF98D /* JobsTableCell.m */; };
		20EEEFD01B156591007EF98D /* searchBarBkg@2x.png in Resources */ = {isa = PBXBuildFile; fileRef = 20EEEFCF1B156591007EF98D /* searchBarBkg@2x.png */; };
		20EEEFD31B15732D007EF98D /* SearchResultsTableViewController.m in Sources */ = {isa = PBXBuildFile; fileRef = 20EEEFD21B15732D007EF98D /* SearchResultsTableViewController.m */; };
		20EEEFD61B1576FC007EF98D /* Job.m in Sources */ = {isa = PBXBuildFile; fileRef = 20EEEFD51B1576FC007EF98D /* Job.m */; };
		20EEEFD91B157EC2007EF98D /* FiltersTableViewController.m in Sources */ = {isa = PBXBuildFile; fileRef = 20EEEFD81B157EC2007EF98D /* FiltersTableViewController.m */; };
		20EEEFDC1B15F839007EF98D /* JobPostingsTableViewController.m in Sources */ = {isa = PBXBuildFile; fileRef = 20EEEFDB1B15F839007EF98D /* JobPostingsTableViewController.m */; };
		20F5A2F61B8620A900FC7BA5 /* cancel@2x.png in Resources */ = {isa = PBXBuildFile; fileRef = 20F5A2F51B8620A900FC7BA5 /* cancel@2x.png */; };
		20F5A3001B86AE6300FC7BA5 /* adLink@2x.png in Resources */ = {isa = PBXBuildFile; fileRef = 20F5A2FD1B86AE6300FC7BA5 /* adLink@2x.png */; };
		20F5A3011B86AE6300FC7BA5 /* facebookIcon@2x.png in Resources */ = {isa = PBXBuildFile; fileRef = 20F5A2FE1B86AE6300FC7BA5 /* facebookIcon@2x.png */; };
		20F5A3021B86AE6300FC7BA5 /* twitterIcon@2x.png in Resources */ = {isa = PBXBuildFile; fileRef = 20F5A2FF1B86AE6300FC7BA5 /* twitterIcon@2x.png */; };
		406D736ED914322F009E99F6 /* libPods-AdenaDataTests.a in Frameworks */ = {isa = PBXBuildFile; fileRef = D22BCB31ADD7E26952D19A10 /* libPods-AdenaDataTests.a */; };
		B5FAE112CE611B32C9592C02 /* libPods-AdenaData.a in Frameworks */ = {isa = PBXBuildFile; fileRef = 6D1D4BAF13E6DAEC59FF816C /* libPods-AdenaData.a */; };
/* End PBXBuildFile section */

/* Begin PBXContainerItemProxy section */
		2017034C1B0E4429004E280E /* PBXContainerItemProxy */ = {
			isa = PBXContainerItemProxy;
			containerPortal = 2017032A1B0E4429004E280E /* Project object */;
			proxyType = 1;
			remoteGlobalIDString = 201703311B0E4429004E280E;
			remoteInfo = AdenaData;
		};
/* End PBXContainerItemProxy section */

/* Begin PBXFileReference section */
		074B69C51B2C928FDAE833F1 /* Pods-AdenaDataTests.release.xcconfig */ = {isa = PBXFileReference; includeInIndex = 1; lastKnownFileType = text.xcconfig; name = "Pods-AdenaDataTests.release.xcconfig"; path = "Pods/Target Support Files/Pods-AdenaDataTests/Pods-AdenaDataTests.release.xcconfig"; sourceTree = "<group>"; };
		200FE9791B1CA9FF00B87640 /* NotificationViewController.h */ = {isa = PBXFileReference; fileEncoding = 4; lastKnownFileType = sourcecode.c.h; path = NotificationViewController.h; sourceTree = "<group>"; };
		200FE97A1B1CA9FF00B87640 /* NotificationViewController.m */ = {isa = PBXFileReference; fileEncoding = 4; lastKnownFileType = sourcecode.c.objc; path = NotificationViewController.m; sourceTree = "<group>"; };
		201186151B419AF400A59D55 /* adBkg@2x.png */ = {isa = PBXFileReference; lastKnownFileType = image.png; path = "adBkg@2x.png"; sourceTree = "<group>"; };
		201703321B0E4429004E280E /* AdenaData.app */ = {isa = PBXFileReference; explicitFileType = wrapper.application; includeInIndex = 0; path = AdenaData.app; sourceTree = BUILT_PRODUCTS_DIR; };
		201703361B0E4429004E280E /* Info.plist */ = {isa = PBXFileReference; lastKnownFileType = text.plist.xml; path = Info.plist; sourceTree = "<group>"; };
		201703371B0E4429004E280E /* main.m */ = {isa = PBXFileReference; lastKnownFileType = sourcecode.c.objc; path = main.m; sourceTree = "<group>"; };
		201703391B0E4429004E280E /* AppDelegate.h */ = {isa = PBXFileReference; lastKnownFileType = sourcecode.c.h; path = AppDelegate.h; sourceTree = "<group>"; };
		2017033A1B0E4429004E280E /* AppDelegate.m */ = {isa = PBXFileReference; lastKnownFileType = sourcecode.c.objc; path = AppDelegate.m; sourceTree = "<group>"; };
		201703401B0E4429004E280E /* Base */ = {isa = PBXFileReference; lastKnownFileType = file.storyboard; name = Base; path = Base.lproj/Main.storyboard; sourceTree = "<group>"; };
		201703421B0E4429004E280E /* Images.xcassets */ = {isa = PBXFileReference; lastKnownFileType = folder.assetcatalog; path = Images.xcassets; sourceTree = "<group>"; };
		201703451B0E4429004E280E /* Base */ = {isa = PBXFileReference; lastKnownFileType = file.xib; name = Base; path = Base.lproj/LaunchScreen.xib; sourceTree = "<group>"; };
		2017034B1B0E4429004E280E /* AdenaDataTests.xctest */ = {isa = PBXFileReference; explicitFileType = wrapper.cfbundle; includeInIndex = 0; path = AdenaDataTests.xctest; sourceTree = BUILT_PRODUCTS_DIR; };
		201703501B0E4429004E280E /* Info.plist */ = {isa = PBXFileReference; lastKnownFileType = text.plist.xml; path = Info.plist; sourceTree = "<group>"; };
		201703511B0E4429004E280E /* AdenaDataTests.m */ = {isa = PBXFileReference; lastKnownFileType = sourcecode.c.objc; path = AdenaDataTests.m; sourceTree = "<group>"; };
		201703681B0E4748004E280E /* AudioToolbox.framework */ = {isa = PBXFileReference; lastKnownFileType = wrapper.framework; name = AudioToolbox.framework; path = System/Library/Frameworks/AudioToolbox.framework; sourceTree = SDKROOT; };
		201703691B0E4748004E280E /* CFNetwork.framework */ = {isa = PBXFileReference; lastKnownFileType = wrapper.framework; name = CFNetwork.framework; path = System/Library/Frameworks/CFNetwork.framework; sourceTree = SDKROOT; };
		2017036A1B0E4748004E280E /* CoreGraphics.framework */ = {isa = PBXFileReference; lastKnownFileType = wrapper.framework; name = CoreGraphics.framework; path = System/Library/Frameworks/CoreGraphics.framework; sourceTree = SDKROOT; };
		2017036B1B0E4748004E280E /* CoreLocation.framework */ = {isa = PBXFileReference; lastKnownFileType = wrapper.framework; name = CoreLocation.framework; path = System/Library/Frameworks/CoreLocation.framework; sourceTree = SDKROOT; };
		2017036C1B0E4748004E280E /* libsqlite3.dylib */ = {isa = PBXFileReference; lastKnownFileType = "compiled.mach-o.dylib"; name = libsqlite3.dylib; path = usr/lib/libsqlite3.dylib; sourceTree = SDKROOT; };
		2017036D1B0E4748004E280E /* libz.dylib */ = {isa = PBXFileReference; lastKnownFileType = "compiled.mach-o.dylib"; name = libz.dylib; path = usr/lib/libz.dylib; sourceTree = SDKROOT; };
		2017036E1B0E4748004E280E /* MobileCoreServices.framework */ = {isa = PBXFileReference; lastKnownFileType = wrapper.framework; name = MobileCoreServices.framework; path = System/Library/Frameworks/MobileCoreServices.framework; sourceTree = SDKROOT; };
		2017036F1B0E4748004E280E /* QuartzCore.framework */ = {isa = PBXFileReference; lastKnownFileType = wrapper.framework; name = QuartzCore.framework; path = System/Library/Frameworks/QuartzCore.framework; sourceTree = SDKROOT; };
		201703701B0E4748004E280E /* Security.framework */ = {isa = PBXFileReference; lastKnownFileType = wrapper.framework; name = Security.framework; path = System/Library/Frameworks/Security.framework; sourceTree = SDKROOT; };
		201703711B0E4748004E280E /* StoreKit.framework */ = {isa = PBXFileReference; lastKnownFileType = wrapper.framework; name = StoreKit.framework; path = System/Library/Frameworks/StoreKit.framework; sourceTree = SDKROOT; };
		201703721B0E4748004E280E /* SystemConfiguration.framework */ = {isa = PBXFileReference; lastKnownFileType = wrapper.framework; name = SystemConfiguration.framework; path = System/Library/Frameworks/SystemConfiguration.framework; sourceTree = SDKROOT; };
		2017037E1B0E4808004E280E /* HomeViewController.h */ = {isa = PBXFileReference; fileEncoding = 4; lastKnownFileType = sourcecode.c.h; path = HomeViewController.h; sourceTree = "<group>"; };
		2017037F1B0E4808004E280E /* HomeViewController.m */ = {isa = PBXFileReference; fileEncoding = 4; lastKnownFileType = sourcecode.c.objc; path = HomeViewController.m; sourceTree = "<group>"; };
		201703811B0E4824004E280E /* NewsTableViewController.h */ = {isa = PBXFileReference; fileEncoding = 4; lastKnownFileType = sourcecode.c.h; path = NewsTableViewController.h; sourceTree = "<group>"; };
		201703821B0E4824004E280E /* NewsTableViewController.m */ = {isa = PBXFileReference; fileEncoding = 4; lastKnownFileType = sourcecode.c.objc; path = NewsTableViewController.m; sourceTree = "<group>"; };
		201703861B0E4853004E280E /* EventsTableViewController.h */ = {isa = PBXFileReference; fileEncoding = 4; lastKnownFileType = sourcecode.c.h; path = EventsTableViewController.h; sourceTree = "<group>"; };
		201703871B0E4853004E280E /* EventsTableViewController.m */ = {isa = PBXFileReference; fileEncoding = 4; lastKnownFileType = sourcecode.c.objc; path = EventsTableViewController.m; sourceTree = "<group>"; };
		2017038A1B0E48EF004E280E /* NewsTableCell.h */ = {isa = PBXFileReference; fileEncoding = 4; lastKnownFileType = sourcecode.c.h; path = NewsTableCell.h; sourceTree = "<group>"; };
		2017038B1B0E48EF004E280E /* NewsTableCell.m */ = {isa = PBXFileReference; fileEncoding = 4; lastKnownFileType = sourcecode.c.objc; path = NewsTableCell.m; sourceTree = "<group>"; };
		2017038D1B0E4902004E280E /* EventsTableCell.h */ = {isa = PBXFileReference; fileEncoding = 4; lastKnownFileType = sourcecode.c.h; name = EventsTableCell.h; path = ../EventsTableCell.h; sourceTree = "<group>"; };
		2017038E1B0E4902004E280E /* EventsTableCell.m */ = {isa = PBXFileReference; fileEncoding = 4; lastKnownFileType = sourcecode.c.objc; name = EventsTableCell.m; path = ../EventsTableCell.m; sourceTree = "<group>"; };
		201703901B0E4A83004E280E /* NewsDetailViewController.h */ = {isa = PBXFileReference; fileEncoding = 4; lastKnownFileType = sourcecode.c.h; path = NewsDetailViewController.h; sourceTree = "<group>"; };
		201703911B0E4A83004E280E /* NewsDetailViewController.m */ = {isa = PBXFileReference; fileEncoding = 4; lastKnownFileType = sourcecode.c.objc; path = NewsDetailViewController.m; sourceTree = "<group>"; };
		201703941B0E4B40004E280E /* ProgressHUD.bundle */ = {isa = PBXFileReference; lastKnownFileType = "wrapper.plug-in"; path = ProgressHUD.bundle; sourceTree = "<group>"; };
		201703951B0E4B40004E280E /* ProgressHUD.h */ = {isa = PBXFileReference; fileEncoding = 4; lastKnownFileType = sourcecode.c.h; path = ProgressHUD.h; sourceTree = "<group>"; };
		201703961B0E4B40004E280E /* ProgressHUD.m */ = {isa = PBXFileReference; fileEncoding = 4; lastKnownFileType = sourcecode.c.objc; path = ProgressHUD.m; sourceTree = "<group>"; };
		201703991B0E502F004E280E /* NewsArticle.h */ = {isa = PBXFileReference; fileEncoding = 4; lastKnownFileType = sourcecode.c.h; path = NewsArticle.h; sourceTree = "<group>"; };
		2017039A1B0E502F004E280E /* NewsArticle.m */ = {isa = PBXFileReference; fileEncoding = 4; lastKnownFileType = sourcecode.c.objc; path = NewsArticle.m; sourceTree = "<group>"; };
		201703B41B0E5BAB004E280E /* DateTools.bundle */ = {isa = PBXFileReference; lastKnownFileType = "wrapper.plug-in"; path = DateTools.bundle; sourceTree = "<group>"; };
		201703B51B0E5BAB004E280E /* DateTools.h */ = {isa = PBXFileReference; fileEncoding = 4; lastKnownFileType = sourcecode.c.h; path = DateTools.h; sourceTree = "<group>"; };
		201703B61B0E5BAB004E280E /* DTConstants.h */ = {isa = PBXFileReference; fileEncoding = 4; lastKnownFileType = sourcecode.c.h; path = DTConstants.h; sourceTree = "<group>"; };
		201703B71B0E5BAB004E280E /* DTError.h */ = {isa = PBXFileReference; fileEncoding = 4; lastKnownFileType = sourcecode.c.h; path = DTError.h; sourceTree = "<group>"; };
		201703B81B0E5BAB004E280E /* DTError.m */ = {isa = PBXFileReference; fileEncoding = 4; lastKnownFileType = sourcecode.c.objc; path = DTError.m; sourceTree = "<group>"; };
		201703B91B0E5BAB004E280E /* DTTimePeriod.h */ = {isa = PBXFileReference; fileEncoding = 4; lastKnownFileType = sourcecode.c.h; path = DTTimePeriod.h; sourceTree = "<group>"; };
		201703BA1B0E5BAB004E280E /* DTTimePeriod.m */ = {isa = PBXFileReference; fileEncoding = 4; lastKnownFileType = sourcecode.c.objc; path = DTTimePeriod.m; sourceTree = "<group>"; };
		201703BB1B0E5BAB004E280E /* DTTimePeriodChain.h */ = {isa = PBXFileReference; fileEncoding = 4; lastKnownFileType = sourcecode.c.h; path = DTTimePeriodChain.h; sourceTree = "<group>"; };
		201703BC1B0E5BAB004E280E /* DTTimePeriodChain.m */ = {isa = PBXFileReference; fileEncoding = 4; lastKnownFileType = sourcecode.c.objc; path = DTTimePeriodChain.m; sourceTree = "<group>"; };
		201703BD1B0E5BAB004E280E /* DTTimePeriodCollection.h */ = {isa = PBXFileReference; fileEncoding = 4; lastKnownFileType = sourcecode.c.h; path = DTTimePeriodCollection.h; sourceTree = "<group>"; };
		201703BE1B0E5BAB004E280E /* DTTimePeriodCollection.m */ = {isa = PBXFileReference; fileEncoding = 4; lastKnownFileType = sourcecode.c.objc; path = DTTimePeriodCollection.m; sourceTree = "<group>"; };
		201703BF1B0E5BAB004E280E /* DTTimePeriodGroup.h */ = {isa = PBXFileReference; fileEncoding = 4; lastKnownFileType = sourcecode.c.h; path = DTTimePeriodGroup.h; sourceTree = "<group>"; };
		201703C01B0E5BAB004E280E /* DTTimePeriodGroup.m */ = {isa = PBXFileReference; fileEncoding = 4; lastKnownFileType = sourcecode.c.objc; path = DTTimePeriodGroup.m; sourceTree = "<group>"; };
		201703C11B0E5BAB004E280E /* NSDate+DateTools.h */ = {isa = PBXFileReference; fileEncoding = 4; lastKnownFileType = sourcecode.c.h; path = "NSDate+DateTools.h"; sourceTree = "<group>"; };
		201703C21B0E5BAB004E280E /* NSDate+DateTools.m */ = {isa = PBXFileReference; fileEncoding = 4; lastKnownFileType = sourcecode.c.objc; path = "NSDate+DateTools.m"; sourceTree = "<group>"; };
		201703CB1B0E63B9004E280E /* Event.h */ = {isa = PBXFileReference; fileEncoding = 4; lastKnownFileType = sourcecode.c.h; name = Event.h; path = ../Event.h; sourceTree = "<group>"; };
		201703CC1B0E63B9004E280E /* Event.m */ = {isa = PBXFileReference; fileEncoding = 4; lastKnownFileType = sourcecode.c.objc; name = Event.m; path = ../Event.m; sourceTree = "<group>"; };
		201703CF1B0E654E004E280E /* orangeBar@2x.png */ = {isa = PBXFileReference; lastKnownFileType = image.png; path = "orangeBar@2x.png"; sourceTree = "<group>"; };
		201703D11B0E6665004E280E /* TableCellFade.png */ = {isa = PBXFileReference; lastKnownFileType = image.png; path = TableCellFade.png; sourceTree = "<group>"; };
		201703DC1B0E7712004E280E /* event@2x.png */ = {isa = PBXFileReference; lastKnownFileType = image.png; path = "event@2x.png"; sourceTree = "<group>"; };
		201703DE1B0E7712004E280E /* news@2x.png */ = {isa = PBXFileReference; lastKnownFileType = image.png; path = "news@2x.png"; sourceTree = "<group>"; };
		201703E21B0E783D004E280E /* home@2x.png */ = {isa = PBXFileReference; lastKnownFileType = image.png; path = "home@2x.png"; sourceTree = "<group>"; };
		201703E41B0E861A004E280E /* EventDetailTableViewController.h */ = {isa = PBXFileReference; fileEncoding = 4; lastKnownFileType = sourcecode.c.h; path = EventDetailTableViewController.h; sourceTree = "<group>"; };
		201703E51B0E861A004E280E /* EventDetailTableViewController.m */ = {isa = PBXFileReference; fileEncoding = 4; lastKnownFileType = sourcecode.c.objc; path = EventDetailTableViewController.m; sourceTree = "<group>"; };
		201703E91B0EA590004E280E /* calendar@2x.png */ = {isa = PBXFileReference; lastKnownFileType = image.png; path = "calendar@2x.png"; sourceTree = "<group>"; };
		201703ED1B0EA73D004E280E /* link@2x.png */ = {isa = PBXFileReference; lastKnownFileType = image.png; path = "link@2x.png"; sourceTree = "<group>"; };
		201703EF1B0EA9AA004E280E /* info@2x.png */ = {isa = PBXFileReference; lastKnownFileType = image.png; path = "info@2x.png"; sourceTree = "<group>"; };
		201703F31B0EAF03004E280E /* adenaDataSmall@2x.png */ = {isa = PBXFileReference; lastKnownFileType = image.png; path = "adenaDataSmall@2x.png"; sourceTree = "<group>"; };
		201703F51B0EBE1D004E280E /* grayView@2x.png */ = {isa = PBXFileReference; lastKnownFileType = image.png; path = "grayView@2x.png"; sourceTree = "<group>"; };
		201703F71B0EBE92004E280E /* DealView.png */ = {isa = PBXFileReference; lastKnownFileType = image.png; path = DealView.png; sourceTree = "<group>"; };
		201703F91B0EC782004E280E /* photo-frame.png */ = {isa = PBXFileReference; lastKnownFileType = image.png; path = "photo-frame.png"; sourceTree = "<group>"; };
		201703FA1B0EC782004E280E /* photo-frame@2x.png */ = {isa = PBXFileReference; lastKnownFileType = image.png; path = "photo-frame@2x.png"; sourceTree = "<group>"; };
		201703FD1B0F6C57004E280E /* adThumbnail.jpeg */ = {isa = PBXFileReference; lastKnownFileType = image.jpeg; path = adThumbnail.jpeg; sourceTree = "<group>"; };
		203A1B781B16061700E0D132 /* cancelWhite@2x.png */ = {isa = PBXFileReference; lastKnownFileType = image.png; path = "cancelWhite@2x.png"; sourceTree = "<group>"; };
		20497DE71B6552D6004A2950 /* addPost@2x.png */ = {isa = PBXFileReference; lastKnownFileType = image.png; path = "addPost@2x.png"; sourceTree = "<group>"; };
		20497E371B6815CB004A2950 /* CustomNavController.h */ = {isa = PBXFileReference; fileEncoding = 4; lastKnownFileType = sourcecode.c.h; path = CustomNavController.h; sourceTree = "<group>"; };
		20497E381B6815CB004A2950 /* CustomNavController.m */ = {isa = PBXFileReference; fileEncoding = 4; lastKnownFileType = sourcecode.c.objc; path = CustomNavController.m; sourceTree = "<group>"; };
		20497E3A1B682636004A2950 /* ADNowNavController.h */ = {isa = PBXFileReference; fileEncoding = 4; lastKnownFileType = sourcecode.c.h; path = ADNowNavController.h; sourceTree = "<group>"; };
		20497E3B1B682636004A2950 /* ADNowNavController.m */ = {isa = PBXFileReference; fileEncoding = 4; lastKnownFileType = sourcecode.c.objc; path = ADNowNavController.m; sourceTree = "<group>"; };
		20497E3F1B6846B3004A2950 /* adBkgNew@2x.png */ = {isa = PBXFileReference; lastKnownFileType = image.png; path = "adBkgNew@2x.png"; sourceTree = "<group>"; };
		20497E451B684E90004A2950 /* adNow@2x.png */ = {isa = PBXFileReference; lastKnownFileType = image.png; path = "adNow@2x.png"; sourceTree = "<group>"; };
		20497E471B6852F0004A2950 /* jump@2x.png */ = {isa = PBXFileReference; lastKnownFileType = image.png; path = "jump@2x.png"; sourceTree = "<group>"; };
		20497E491B6AD335004A2950 /* LocationViewController.h */ = {isa = PBXFileReference; fileEncoding = 4; lastKnownFileType = sourcecode.c.h; path = LocationViewController.h; sourceTree = "<group>"; };
		20497E4A1B6AD335004A2950 /* LocationViewController.m */ = {isa = PBXFileReference; fileEncoding = 4; lastKnownFileType = sourcecode.c.objc; path = LocationViewController.m; sourceTree = "<group>"; };
		20497E4D1B6FA46F004A2950 /* searchBarYap.png */ = {isa = PBXFileReference; lastKnownFileType = image.png; path = searchBarYap.png; sourceTree = "<group>"; };
		20497E511B6FA7F5004A2950 /* searchBkg.png */ = {isa = PBXFileReference; lastKnownFileType = image.png; path = searchBkg.png; sourceTree = "<group>"; };
		20497E561B6FA9FD004A2950 /* TourViewController.h */ = {isa = PBXFileReference; fileEncoding = 4; lastKnownFileType = sourcecode.c.h; path = TourViewController.h; sourceTree = "<group>"; };
		20497E571B6FA9FD004A2950 /* TourViewController.m */ = {isa = PBXFileReference; fileEncoding = 4; lastKnownFileType = sourcecode.c.objc; path = TourViewController.m; sourceTree = "<group>"; };
		20497E651B6FE032004A2950 /* tour1.png */ = {isa = PBXFileReference; lastKnownFileType = image.png; path = tour1.png; sourceTree = "<group>"; };
		20497E661B6FE032004A2950 /* tour2.png */ = {isa = PBXFileReference; lastKnownFileType = image.png; path = tour2.png; sourceTree = "<group>"; };
		20497E691B6FE0EC004A2950 /* tour3.png */ = {isa = PBXFileReference; lastKnownFileType = image.png; path = tour3.png; sourceTree = "<group>"; };
		204E7F611E32D4F90065A468 /* AdenaData.entitlements */ = {isa = PBXFileReference; lastKnownFileType = text.plist.entitlements; path = AdenaData.entitlements; sourceTree = "<group>"; };
		207804E91E32B75A00F7AFE9 /* Default-568h@2x.png */ = {isa = PBXFileReference; lastKnownFileType = image.png; path = "Default-568h@2x.png"; sourceTree = "<group>"; };
		20790A511B571C870045481A /* ForumTableViewController.h */ = {isa = PBXFileReference; fileEncoding = 4; lastKnownFileType = sourcecode.c.h; path = ForumTableViewController.h; sourceTree = "<group>"; };
		20790A521B571C870045481A /* ForumTableViewController.m */ = {isa = PBXFileReference; fileEncoding = 4; lastKnownFileType = sourcecode.c.objc; path = ForumTableViewController.m; sourceTree = "<group>"; };
		20790A551B571CB50045481A /* ForumTableCell.h */ = {isa = PBXFileReference; fileEncoding = 4; lastKnownFileType = sourcecode.c.h; path = ForumTableCell.h; sourceTree = "<group>"; };
		20790A561B571CB50045481A /* ForumTableCell.m */ = {isa = PBXFileReference; fileEncoding = 4; lastKnownFileType = sourcecode.c.objc; path = ForumTableCell.m; sourceTree = "<group>"; };
		20790A601B571F1D0045481A /* adLogo2@2x.png */ = {isa = PBXFileReference; lastKnownFileType = image.png; path = "adLogo2@2x.png"; sourceTree = "<group>"; };
		20790A641B571FC20045481A /* AddPostTableViewController.h */ = {isa = PBXFileReference; fileEncoding = 4; lastKnownFileType = sourcecode.c.h; path = AddPostTableViewController.h; sourceTree = "<group>"; };
		20790A651B571FC20045481A /* AddPostTableViewController.m */ = {isa = PBXFileReference; fileEncoding = 4; lastKnownFileType = sourcecode.c.objc; path = AddPostTableViewController.m; sourceTree = "<group>"; };
		20790A681B5724430045481A /* addPhoto@2x.png */ = {isa = PBXFileReference; lastKnownFileType = image.png; path = "addPhoto@2x.png"; sourceTree = "<group>"; };
		20790A6A1B57375B0045481A /* JGActionSheet.h */ = {isa = PBXFileReference; fileEncoding = 4; lastKnownFileType = sourcecode.c.h; path = JGActionSheet.h; sourceTree = "<group>"; };
		20790A6B1B57375B0045481A /* JGActionSheet.m */ = {isa = PBXFileReference; fileEncoding = 4; lastKnownFileType = sourcecode.c.objc; path = JGActionSheet.m; sourceTree = "<group>"; };
		20790A6E1B5749F40045481A /* addPostTwo@2x.png */ = {isa = PBXFileReference; lastKnownFileType = image.png; path = "addPostTwo@2x.png"; sourceTree = "<group>"; };
		20790A701B57F1890045481A /* PostDetailTableViewController.h */ = {isa = PBXFileReference; fileEncoding = 4; lastKnownFileType = sourcecode.c.h; name = PostDetailTableViewController.h; path = AdenaData/PostDetailTableViewController.h; sourceTree = "<group>"; };
		20790A711B57F1890045481A /* PostDetailTableViewController.m */ = {isa = PBXFileReference; fileEncoding = 4; lastKnownFileType = sourcecode.c.objc; name = PostDetailTableViewController.m; path = AdenaData/PostDetailTableViewController.m; sourceTree = "<group>"; };
		20790A731B57F9970045481A /* mapIcon@2x.png */ = {isa = PBXFileReference; lastKnownFileType = image.png; path = "mapIcon@2x.png"; sourceTree = "<group>"; };
		20790A751B58013E0045481A /* adBkg2@2x.png */ = {isa = PBXFileReference; lastKnownFileType = image.png; path = "adBkg2@2x.png"; sourceTree = "<group>"; };
		20790A771B58019B0045481A /* WelcomeViewController.h */ = {isa = PBXFileReference; fileEncoding = 4; lastKnownFileType = sourcecode.c.h; path = WelcomeViewController.h; sourceTree = "<group>"; };
		20790A781B58019B0045481A /* WelcomeViewController.m */ = {isa = PBXFileReference; fileEncoding = 4; lastKnownFileType = sourcecode.c.objc; path = WelcomeViewController.m; sourceTree = "<group>"; };
		20790A7A1B5817540045481A /* clock@2x.png */ = {isa = PBXFileReference; lastKnownFileType = image.png; path = "clock@2x.png"; sourceTree = "<group>"; };
		20886C6F1B1618CF0046FB59 /* AbstractActionSheetPicker.h */ = {isa = PBXFileReference; fileEncoding = 4; lastKnownFileType = sourcecode.c.h; path = AbstractActionSheetPicker.h; sourceTree = "<group>"; };
		20886C701B1618CF0046FB59 /* AbstractActionSheetPicker.m */ = {isa = PBXFileReference; fileEncoding = 4; lastKnownFileType = sourcecode.c.objc; path = AbstractActionSheetPicker.m; sourceTree = "<group>"; };
		20886C711B1618CF0046FB59 /* ActionSheetCustomPicker.h */ = {isa = PBXFileReference; fileEncoding = 4; lastKnownFileType = sourcecode.c.h; path = ActionSheetCustomPicker.h; sourceTree = "<group>"; };
		20886C721B1618CF0046FB59 /* ActionSheetCustomPicker.m */ = {isa = PBXFileReference; fileEncoding = 4; lastKnownFileType = sourcecode.c.objc; path = ActionSheetCustomPicker.m; sourceTree = "<group>"; };
		20886C731B1618CF0046FB59 /* ActionSheetCustomPickerDelegate.h */ = {isa = PBXFileReference; fileEncoding = 4; lastKnownFileType = sourcecode.c.h; path = ActionSheetCustomPickerDelegate.h; sourceTree = "<group>"; };
		20886C741B1618CF0046FB59 /* ActionSheetDatePicker.h */ = {isa = PBXFileReference; fileEncoding = 4; lastKnownFileType = sourcecode.c.h; path = ActionSheetDatePicker.h; sourceTree = "<group>"; };
		20886C751B1618CF0046FB59 /* ActionSheetDatePicker.m */ = {isa = PBXFileReference; fileEncoding = 4; lastKnownFileType = sourcecode.c.objc; path = ActionSheetDatePicker.m; sourceTree = "<group>"; };
		20886C761B1618CF0046FB59 /* ActionSheetDistancePicker.h */ = {isa = PBXFileReference; fileEncoding = 4; lastKnownFileType = sourcecode.c.h; path = ActionSheetDistancePicker.h; sourceTree = "<group>"; };
		20886C771B1618CF0046FB59 /* ActionSheetDistancePicker.m */ = {isa = PBXFileReference; fileEncoding = 4; lastKnownFileType = sourcecode.c.objc; path = ActionSheetDistancePicker.m; sourceTree = "<group>"; };
		20886C781B1618CF0046FB59 /* ActionSheetLocalePicker.h */ = {isa = PBXFileReference; fileEncoding = 4; lastKnownFileType = sourcecode.c.h; path = ActionSheetLocalePicker.h; sourceTree = "<group>"; };
		20886C791B1618CF0046FB59 /* ActionSheetLocalePicker.m */ = {isa = PBXFileReference; fileEncoding = 4; lastKnownFileType = sourcecode.c.objc; path = ActionSheetLocalePicker.m; sourceTree = "<group>"; };
		20886C7A1B1618CF0046FB59 /* ActionSheetPicker.h */ = {isa = PBXFileReference; fileEncoding = 4; lastKnownFileType = sourcecode.c.h; path = ActionSheetPicker.h; sourceTree = "<group>"; };
		20886C7B1B1618CF0046FB59 /* ActionSheetStringPicker.h */ = {isa = PBXFileReference; fileEncoding = 4; lastKnownFileType = sourcecode.c.h; path = ActionSheetStringPicker.h; sourceTree = "<group>"; };
		20886C7C1B1618CF0046FB59 /* ActionSheetStringPicker.m */ = {isa = PBXFileReference; fileEncoding = 4; lastKnownFileType = sourcecode.c.objc; path = ActionSheetStringPicker.m; sourceTree = "<group>"; };
		20886C7D1B1618CF0046FB59 /* DistancePickerView.h */ = {isa = PBXFileReference; fileEncoding = 4; lastKnownFileType = sourcecode.c.h; path = DistancePickerView.h; sourceTree = "<group>"; };
		20886C7E1B1618CF0046FB59 /* DistancePickerView.m */ = {isa = PBXFileReference; fileEncoding = 4; lastKnownFileType = sourcecode.c.objc; path = DistancePickerView.m; sourceTree = "<group>"; };
		20886C7F1B1618CF0046FB59 /* SWActionSheet.h */ = {isa = PBXFileReference; fileEncoding = 4; lastKnownFileType = sourcecode.c.h; path = SWActionSheet.h; sourceTree = "<group>"; };
		20886C801B1618CF0046FB59 /* SWActionSheet.m */ = {isa = PBXFileReference; fileEncoding = 4; lastKnownFileType = sourcecode.c.objc; path = SWActionSheet.m; sourceTree = "<group>"; };
		20886C891B163B2D0046FB59 /* JobDetailTableViewController.h */ = {isa = PBXFileReference; fileEncoding = 4; lastKnownFileType = sourcecode.c.h; path = JobDetailTableViewController.h; sourceTree = "<group>"; };
		20886C8A1B163B2D0046FB59 /* JobDetailTableViewController.m */ = {isa = PBXFileReference; fileEncoding = 4; lastKnownFileType = sourcecode.c.objc; path = JobDetailTableViewController.m; sourceTree = "<group>"; };
		20886C8D1B1670D50046FB59 /* UIScrollView+EmptyDataSet.h */ = {isa = PBXFileReference; fileEncoding = 4; lastKnownFileType = sourcecode.c.h; path = "UIScrollView+EmptyDataSet.h"; sourceTree = "<group>"; };
		20886C8E1B1670D50046FB59 /* UIScrollView+EmptyDataSet.m */ = {isa = PBXFileReference; fileEncoding = 4; lastKnownFileType = sourcecode.c.objc; path = "UIScrollView+EmptyDataSet.m"; sourceTree = "<group>"; };
		209027621B1D14DF003637F0 /* LICENSE */ = {isa = PBXFileReference; fileEncoding = 4; lastKnownFileType = text; path = LICENSE; sourceTree = "<group>"; };
		209027631B1D14DF003637F0 /* README.md */ = {isa = PBXFileReference; fileEncoding = 4; lastKnownFileType = net.daringfireball.markdown; path = README.md; sourceTree = "<group>"; };
		209027641B1D14DF003637F0 /* RIButtonItem.h */ = {isa = PBXFileReference; fileEncoding = 4; lastKnownFileType = sourcecode.c.h; path = RIButtonItem.h; sourceTree = "<group>"; };
		209027651B1D14DF003637F0 /* RIButtonItem.m */ = {isa = PBXFileReference; fileEncoding = 4; lastKnownFileType = sourcecode.c.objc; path = RIButtonItem.m; sourceTree = "<group>"; };
		209027661B1D14DF003637F0 /* UIActionSheet+Blocks.h */ = {isa = PBXFileReference; fileEncoding = 4; lastKnownFileType = sourcecode.c.h; path = "UIActionSheet+Blocks.h"; sourceTree = "<group>"; };
		209027671B1D14DF003637F0 /* UIActionSheet+Blocks.m */ = {isa = PBXFileReference; fileEncoding = 4; lastKnownFileType = sourcecode.c.objc; path = "UIActionSheet+Blocks.m"; sourceTree = "<group>"; };
		209027681B1D14DF003637F0 /* UIAlertView+Blocks.h */ = {isa = PBXFileReference; fileEncoding = 4; lastKnownFileType = sourcecode.c.h; path = "UIAlertView+Blocks.h"; sourceTree = "<group>"; };
		209027691B1D14DF003637F0 /* UIAlertView+Blocks.m */ = {isa = PBXFileReference; fileEncoding = 4; lastKnownFileType = sourcecode.c.objc; path = "UIAlertView+Blocks.m"; sourceTree = "<group>"; };
		2090276A1B1D14DF003637F0 /* UIAlertView-Blocks.podspec */ = {isa = PBXFileReference; fileEncoding = 4; lastKnownFileType = text; path = "UIAlertView-Blocks.podspec"; sourceTree = "<group>"; };
		20A8CB831E1D60C200307EF7 /* GoogleService-Info.plist */ = {isa = PBXFileReference; fileEncoding = 4; lastKnownFileType = text.plist.xml; path = "GoogleService-Info.plist"; sourceTree = "<group>"; };
		20C4E0201E1F08BE0012ECC3 /* adBkgAug@2x.png */ = {isa = PBXFileReference; lastKnownFileType = image.png; path = "adBkgAug@2x.png"; sourceTree = "<group>"; };
		20EEEFC61B155B6C007EF98D /* jobs@2x.png */ = {isa = PBXFileReference; lastKnownFileType = image.png; path = "jobs@2x.png"; sourceTree = "<group>"; };
		20EEEFCC1B155E85007EF98D /* JobsTableCell.h */ = {isa = PBXFileReference; fileEncoding = 4; lastKnownFileType = sourcecode.c.h; path = JobsTableCell.h; sourceTree = "<group>"; };
		20EEEFCD1B155E85007EF98D /* JobsTableCell.m */ = {isa = PBXFileReference; fileEncoding = 4; lastKnownFileType = sourcecode.c.objc; path = JobsTableCell.m; sourceTree = "<group>"; };
		20EEEFCF1B156591007EF98D /* searchBarBkg@2x.png */ = {isa = PBXFileReference; lastKnownFileType = image.png; path = "searchBarBkg@2x.png"; sourceTree = "<group>"; };
		20EEEFD11B15732D007EF98D /* SearchResultsTableViewController.h */ = {isa = PBXFileReference; fileEncoding = 4; lastKnownFileType = sourcecode.c.h; path = SearchResultsTableViewController.h; sourceTree = "<group>"; };
		20EEEFD21B15732D007EF98D /* SearchResultsTableViewController.m */ = {isa = PBXFileReference; fileEncoding = 4; lastKnownFileType = sourcecode.c.objc; path = SearchResultsTableViewController.m; sourceTree = "<group>"; };
		20EEEFD41B1576FC007EF98D /* Job.h */ = {isa = PBXFileReference; fileEncoding = 4; lastKnownFileType = sourcecode.c.h; path = Job.h; sourceTree = "<group>"; };
		20EEEFD51B1576FC007EF98D /* Job.m */ = {isa = PBXFileReference; fileEncoding = 4; lastKnownFileType = sourcecode.c.objc; path = Job.m; sourceTree = "<group>"; };
		20EEEFD71B157EC2007EF98D /* FiltersTableViewController.h */ = {isa = PBXFileReference; fileEncoding = 4; lastKnownFileType = sourcecode.c.h; path = FiltersTableViewController.h; sourceTree = "<group>"; };
		20EEEFD81B157EC2007EF98D /* FiltersTableViewController.m */ = {isa = PBXFileReference; fileEncoding = 4; lastKnownFileType = sourcecode.c.objc; path = FiltersTableViewController.m; sourceTree = "<group>"; };
		20EEEFDA1B15F839007EF98D /* JobPostingsTableViewController.h */ = {isa = PBXFileReference; fileEncoding = 4; lastKnownFileType = sourcecode.c.h; path = JobPostingsTableViewController.h; sourceTree = "<group>"; };
		20EEEFDB1B15F839007EF98D /* JobPostingsTableViewController.m */ = {isa = PBXFileReference; fileEncoding = 4; lastKnownFileType = sourcecode.c.objc; path = JobPostingsTableViewController.m; sourceTree = "<group>"; };
		20F5A2F51B8620A900FC7BA5 /* cancel@2x.png */ = {isa = PBXFileReference; lastKnownFileType = image.png; path = "cancel@2x.png"; sourceTree = "<group>"; };
		20F5A2FD1B86AE6300FC7BA5 /* adLink@2x.png */ = {isa = PBXFileReference; lastKnownFileType = image.png; path = "adLink@2x.png"; sourceTree = "<group>"; };
		20F5A2FE1B86AE6300FC7BA5 /* facebookIcon@2x.png */ = {isa = PBXFileReference; lastKnownFileType = image.png; path = "facebookIcon@2x.png"; sourceTree = "<group>"; };
		20F5A2FF1B86AE6300FC7BA5 /* twitterIcon@2x.png */ = {isa = PBXFileReference; lastKnownFileType = image.png; path = "twitterIcon@2x.png"; sourceTree = "<group>"; };
		334294167D645AEE4852970C /* Pods-AdenaData.release.xcconfig */ = {isa = PBXFileReference; includeInIndex = 1; lastKnownFileType = text.xcconfig; name = "Pods-AdenaData.release.xcconfig"; path = "Pods/Target Support Files/Pods-AdenaData/Pods-AdenaData.release.xcconfig"; sourceTree = "<group>"; };
		6D1D4BAF13E6DAEC59FF816C /* libPods-AdenaData.a */ = {isa = PBXFileReference; explicitFileType = archive.ar; includeInIndex = 0; path = "libPods-AdenaData.a"; sourceTree = BUILT_PRODUCTS_DIR; };
		7B85962B362627F14588AD4A /* Pods-AdenaDataTests.debug.xcconfig */ = {isa = PBXFileReference; includeInIndex = 1; lastKnownFileType = text.xcconfig; name = "Pods-AdenaDataTests.debug.xcconfig"; path = "Pods/Target Support Files/Pods-AdenaDataTests/Pods-AdenaDataTests.debug.xcconfig"; sourceTree = "<group>"; };
		D22BCB31ADD7E26952D19A10 /* libPods-AdenaDataTests.a */ = {isa = PBXFileReference; explicitFileType = archive.ar; includeInIndex = 0; path = "libPods-AdenaDataTests.a"; sourceTree = BUILT_PRODUCTS_DIR; };
		DD6A8A3A9727E46B4AB39DFC /* Pods-AdenaData.debug.xcconfig */ = {isa = PBXFileReference; includeInIndex = 1; lastKnownFileType = text.xcconfig; name = "Pods-AdenaData.debug.xcconfig"; path = "Pods/Target Support Files/Pods-AdenaData/Pods-AdenaData.debug.xcconfig"; sourceTree = "<group>"; };
/* End PBXFileReference section */

/* Begin PBXFrameworksBuildPhase section */
		2017032F1B0E4429004E280E /* Frameworks */ = {
			isa = PBXFrameworksBuildPhase;
			buildActionMask = 2147483647;
			files = (
				201703731B0E4748004E280E /* AudioToolbox.framework in Frameworks */,
				201703741B0E4748004E280E /* CFNetwork.framework in Frameworks */,
				201703751B0E4748004E280E /* CoreGraphics.framework in Frameworks */,
				201703761B0E4748004E280E /* CoreLocation.framework in Frameworks */,
				201703771B0E4748004E280E /* libsqlite3.dylib in Frameworks */,
				201703781B0E4748004E280E /* libz.dylib in Frameworks */,
				201703791B0E4748004E280E /* MobileCoreServices.framework in Frameworks */,
				2017037A1B0E4748004E280E /* QuartzCore.framework in Frameworks */,
				2017037B1B0E4748004E280E /* Security.framework in Frameworks */,
				2017037C1B0E4748004E280E /* StoreKit.framework in Frameworks */,
				2017037D1B0E4748004E280E /* SystemConfiguration.framework in Frameworks */,
				B5FAE112CE611B32C9592C02 /* libPods-AdenaData.a in Frameworks */,
			);
			runOnlyForDeploymentPostprocessing = 0;
		};
		201703481B0E4429004E280E /* Frameworks */ = {
			isa = PBXFrameworksBuildPhase;
			buildActionMask = 2147483647;
			files = (
				406D736ED914322F009E99F6 /* libPods-AdenaDataTests.a in Frameworks */,
			);
			runOnlyForDeploymentPostprocessing = 0;
		};
/* End PBXFrameworksBuildPhase section */

/* Begin PBXGroup section */
		200FE97C1B1CAA3500B87640 /* Push Notifications */ = {
			isa = PBXGroup;
			children = (
				200FE9791B1CA9FF00B87640 /* NotificationViewController.h */,
				200FE97A1B1CA9FF00B87640 /* NotificationViewController.m */,
			);
			name = "Push Notifications";
			sourceTree = "<group>";
		};
		201703291B0E4429004E280E = {
			isa = PBXGroup;
			children = (
				207804E91E32B75A00F7AFE9 /* Default-568h@2x.png */,
				201703341B0E4429004E280E /* AdenaData */,
				2017034E1B0E4429004E280E /* AdenaDataTests */,
				201703331B0E4429004E280E /* Products */,
				2017035B1B0E4569004E280E /* Frameworks */,
				201703931B0E4B2E004E280E /* Libraries */,
				4A9B7D9628B429C85FEF1100 /* Pods */,
			);
			sourceTree = "<group>";
		};
		201703331B0E4429004E280E /* Products */ = {
			isa = PBXGroup;
			children = (
				201703321B0E4429004E280E /* AdenaData.app */,
				2017034B1B0E4429004E280E /* AdenaDataTests.xctest */,
			);
			name = Products;
			sourceTree = "<group>";
		};
		201703341B0E4429004E280E /* AdenaData */ = {
			isa = PBXGroup;
			children = (
				204E7F611E32D4F90065A468 /* AdenaData.entitlements */,
				201703391B0E4429004E280E /* AppDelegate.h */,
				2017033A1B0E4429004E280E /* AppDelegate.m */,
				2017033F1B0E4429004E280E /* Main.storyboard */,
				20790A771B58019B0045481A /* WelcomeViewController.h */,
				20790A781B58019B0045481A /* WelcomeViewController.m */,
				20497E5C1B6FAA02004A2950 /* Tour */,
				20497E4C1B6BEE29004A2950 /* Navigation Bars */,
				201703851B0E4839004E280E /* Home */,
				201703841B0E4833004E280E /* News */,
				20790A671B571FC70045481A /* Add Post */,
				20790A541B571C8B0045481A /* Forum */,
				201703891B0E4855004E280E /* Events */,
				20EEEFCB1B155DED007EF98D /* Jobs */,
				200FE97C1B1CAA3500B87640 /* Push Notifications */,
				201703421B0E4429004E280E /* Images.xcassets */,
				201703441B0E4429004E280E /* LaunchScreen.xib */,
				201703351B0E4429004E280E /* Supporting Files */,
			);
			path = AdenaData;
			sourceTree = "<group>";
		};
		201703351B0E4429004E280E /* Supporting Files */ = {
			isa = PBXGroup;
			children = (
				201703CE1B0E6542004E280E /* Images */,
				201703361B0E4429004E280E /* Info.plist */,
				20A8CB831E1D60C200307EF7 /* GoogleService-Info.plist */,
				201703371B0E4429004E280E /* main.m */,
			);
			name = "Supporting Files";
			sourceTree = "<group>";
		};
		2017034E1B0E4429004E280E /* AdenaDataTests */ = {
			isa = PBXGroup;
			children = (
				201703511B0E4429004E280E /* AdenaDataTests.m */,
				2017034F1B0E4429004E280E /* Supporting Files */,
			);
			path = AdenaDataTests;
			sourceTree = "<group>";
		};
		2017034F1B0E4429004E280E /* Supporting Files */ = {
			isa = PBXGroup;
			children = (
				201703501B0E4429004E280E /* Info.plist */,
			);
			name = "Supporting Files";
			sourceTree = "<group>";
		};
		2017035B1B0E4569004E280E /* Frameworks */ = {
			isa = PBXGroup;
			children = (
				201703681B0E4748004E280E /* AudioToolbox.framework */,
				201703691B0E4748004E280E /* CFNetwork.framework */,
				2017036A1B0E4748004E280E /* CoreGraphics.framework */,
				2017036B1B0E4748004E280E /* CoreLocation.framework */,
				2017036C1B0E4748004E280E /* libsqlite3.dylib */,
				2017036D1B0E4748004E280E /* libz.dylib */,
				2017036E1B0E4748004E280E /* MobileCoreServices.framework */,
				2017036F1B0E4748004E280E /* QuartzCore.framework */,
				201703701B0E4748004E280E /* Security.framework */,
				201703711B0E4748004E280E /* StoreKit.framework */,
				201703721B0E4748004E280E /* SystemConfiguration.framework */,
				6D1D4BAF13E6DAEC59FF816C /* libPods-AdenaData.a */,
				D22BCB31ADD7E26952D19A10 /* libPods-AdenaDataTests.a */,
			);
			name = Frameworks;
			path = AdenaData;
			sourceTree = "<group>";
		};
		201703841B0E4833004E280E /* News */ = {
			isa = PBXGroup;
			children = (
				201703991B0E502F004E280E /* NewsArticle.h */,
				2017039A1B0E502F004E280E /* NewsArticle.m */,
				2017038A1B0E48EF004E280E /* NewsTableCell.h */,
				2017038B1B0E48EF004E280E /* NewsTableCell.m */,
				201703811B0E4824004E280E /* NewsTableViewController.h */,
				201703821B0E4824004E280E /* NewsTableViewController.m */,
				201703901B0E4A83004E280E /* NewsDetailViewController.h */,
				201703911B0E4A83004E280E /* NewsDetailViewController.m */,
				20497E491B6AD335004A2950 /* LocationViewController.h */,
				20497E4A1B6AD335004A2950 /* LocationViewController.m */,
			);
			name = News;
			sourceTree = "<group>";
		};
		201703851B0E4839004E280E /* Home */ = {
			isa = PBXGroup;
			children = (
				2017037E1B0E4808004E280E /* HomeViewController.h */,
				2017037F1B0E4808004E280E /* HomeViewController.m */,
			);
			name = Home;
			sourceTree = "<group>";
		};
		201703891B0E4855004E280E /* Events */ = {
			isa = PBXGroup;
			children = (
				201703CB1B0E63B9004E280E /* Event.h */,
				201703CC1B0E63B9004E280E /* Event.m */,
				2017038D1B0E4902004E280E /* EventsTableCell.h */,
				2017038E1B0E4902004E280E /* EventsTableCell.m */,
				201703861B0E4853004E280E /* EventsTableViewController.h */,
				201703871B0E4853004E280E /* EventsTableViewController.m */,
				201703E41B0E861A004E280E /* EventDetailTableViewController.h */,
				201703E51B0E861A004E280E /* EventDetailTableViewController.m */,
			);
			name = Events;
			sourceTree = "<group>";
		};
		201703931B0E4B2E004E280E /* Libraries */ = {
			isa = PBXGroup;
			children = (
				20790A6D1B5737600045481A /* JGActionSheet */,
				209027611B1D14DF003637F0 /* UIAlertView-Blocks */,
				20886C8C1B1670D50046FB59 /* Source */,
				20886C6E1B1618CF0046FB59 /* Pickers */,
				201703CA1B0E5BAF004E280E /* DateTools */,
				201703B31B0E5A43004E280E /* ProgressHUD */,
			);
			name = Libraries;
			path = AdenaData;
			sourceTree = "<group>";
		};
		201703B31B0E5A43004E280E /* ProgressHUD */ = {
			isa = PBXGroup;
			children = (
				201703941B0E4B40004E280E /* ProgressHUD.bundle */,
				201703951B0E4B40004E280E /* ProgressHUD.h */,
				201703961B0E4B40004E280E /* ProgressHUD.m */,
			);
			name = ProgressHUD;
			sourceTree = "<group>";
		};
		201703CA1B0E5BAF004E280E /* DateTools */ = {
			isa = PBXGroup;
			children = (
				201703B41B0E5BAB004E280E /* DateTools.bundle */,
				201703B51B0E5BAB004E280E /* DateTools.h */,
				201703B61B0E5BAB004E280E /* DTConstants.h */,
				201703B71B0E5BAB004E280E /* DTError.h */,
				201703B81B0E5BAB004E280E /* DTError.m */,
				201703B91B0E5BAB004E280E /* DTTimePeriod.h */,
				201703BA1B0E5BAB004E280E /* DTTimePeriod.m */,
				201703BB1B0E5BAB004E280E /* DTTimePeriodChain.h */,
				201703BC1B0E5BAB004E280E /* DTTimePeriodChain.m */,
				201703BD1B0E5BAB004E280E /* DTTimePeriodCollection.h */,
				201703BE1B0E5BAB004E280E /* DTTimePeriodCollection.m */,
				201703BF1B0E5BAB004E280E /* DTTimePeriodGroup.h */,
				201703C01B0E5BAB004E280E /* DTTimePeriodGroup.m */,
				201703C11B0E5BAB004E280E /* NSDate+DateTools.h */,
				201703C21B0E5BAB004E280E /* NSDate+DateTools.m */,
			);
			name = DateTools;
			sourceTree = "<group>";
		};
		201703CE1B0E6542004E280E /* Images */ = {
			isa = PBXGroup;
			children = (
				20C4E0201E1F08BE0012ECC3 /* adBkgAug@2x.png */,
				20F5A2FD1B86AE6300FC7BA5 /* adLink@2x.png */,
				20F5A2FE1B86AE6300FC7BA5 /* facebookIcon@2x.png */,
				20F5A2FF1B86AE6300FC7BA5 /* twitterIcon@2x.png */,
				20F5A2F51B8620A900FC7BA5 /* cancel@2x.png */,
				20497E511B6FA7F5004A2950 /* searchBkg.png */,
				20497E4D1B6FA46F004A2950 /* searchBarYap.png */,
				20497E471B6852F0004A2950 /* jump@2x.png */,
				20497E451B684E90004A2950 /* adNow@2x.png */,
				20497E3F1B6846B3004A2950 /* adBkgNew@2x.png */,
				20497DE71B6552D6004A2950 /* addPost@2x.png */,
				20790A7A1B5817540045481A /* clock@2x.png */,
				20790A751B58013E0045481A /* adBkg2@2x.png */,
				20790A731B57F9970045481A /* mapIcon@2x.png */,
				20790A6E1B5749F40045481A /* addPostTwo@2x.png */,
				20790A681B5724430045481A /* addPhoto@2x.png */,
				20790A601B571F1D0045481A /* adLogo2@2x.png */,
				201186151B419AF400A59D55 /* adBkg@2x.png */,
				203A1B781B16061700E0D132 /* cancelWhite@2x.png */,
				20EEEFCF1B156591007EF98D /* searchBarBkg@2x.png */,
				20EEEFC61B155B6C007EF98D /* jobs@2x.png */,
				201703FD1B0F6C57004E280E /* adThumbnail.jpeg */,
				201703F91B0EC782004E280E /* photo-frame.png */,
				201703FA1B0EC782004E280E /* photo-frame@2x.png */,
				201703F71B0EBE92004E280E /* DealView.png */,
				201703F51B0EBE1D004E280E /* grayView@2x.png */,
				201703F31B0EAF03004E280E /* adenaDataSmall@2x.png */,
				201703EF1B0EA9AA004E280E /* info@2x.png */,
				201703ED1B0EA73D004E280E /* link@2x.png */,
				201703E91B0EA590004E280E /* calendar@2x.png */,
				201703E21B0E783D004E280E /* home@2x.png */,
				201703DC1B0E7712004E280E /* event@2x.png */,
				201703DE1B0E7712004E280E /* news@2x.png */,
				201703D11B0E6665004E280E /* TableCellFade.png */,
				201703CF1B0E654E004E280E /* orangeBar@2x.png */,
			);
			name = Images;
			sourceTree = "<group>";
		};
		20497E4C1B6BEE29004A2950 /* Navigation Bars */ = {
			isa = PBXGroup;
			children = (
				20497E3A1B682636004A2950 /* ADNowNavController.h */,
				20497E3B1B682636004A2950 /* ADNowNavController.m */,
				20497E371B6815CB004A2950 /* CustomNavController.h */,
				20497E381B6815CB004A2950 /* CustomNavController.m */,
			);
			name = "Navigation Bars";
			sourceTree = "<group>";
		};
		20497E5C1B6FAA02004A2950 /* Tour */ = {
			isa = PBXGroup;
			children = (
				20497E691B6FE0EC004A2950 /* tour3.png */,
				20497E651B6FE032004A2950 /* tour1.png */,
				20497E661B6FE032004A2950 /* tour2.png */,
				20497E561B6FA9FD004A2950 /* TourViewController.h */,
				20497E571B6FA9FD004A2950 /* TourViewController.m */,
			);
			name = Tour;
			sourceTree = "<group>";
		};
		20790A541B571C8B0045481A /* Forum */ = {
			isa = PBXGroup;
			children = (
				20790A551B571CB50045481A /* ForumTableCell.h */,
				20790A561B571CB50045481A /* ForumTableCell.m */,
				20790A511B571C870045481A /* ForumTableViewController.h */,
				20790A521B571C870045481A /* ForumTableViewController.m */,
			);
			name = Forum;
			sourceTree = "<group>";
		};
		20790A671B571FC70045481A /* Add Post */ = {
			isa = PBXGroup;
			children = (
				20790A641B571FC20045481A /* AddPostTableViewController.h */,
				20790A651B571FC20045481A /* AddPostTableViewController.m */,
				20790A701B57F1890045481A /* PostDetailTableViewController.h */,
				20790A711B57F1890045481A /* PostDetailTableViewController.m */,
			);
			name = "Add Post";
			path = ..;
			sourceTree = "<group>";
		};
		20790A6D1B5737600045481A /* JGActionSheet */ = {
			isa = PBXGroup;
			children = (
				20790A6A1B57375B0045481A /* JGActionSheet.h */,
				20790A6B1B57375B0045481A /* JGActionSheet.m */,
			);
			name = JGActionSheet;
			sourceTree = "<group>";
		};
		20886C6E1B1618CF0046FB59 /* Pickers */ = {
			isa = PBXGroup;
			children = (
				20886C6F1B1618CF0046FB59 /* AbstractActionSheetPicker.h */,
				20886C701B1618CF0046FB59 /* AbstractActionSheetPicker.m */,
				20886C711B1618CF0046FB59 /* ActionSheetCustomPicker.h */,
				20886C721B1618CF0046FB59 /* ActionSheetCustomPicker.m */,
				20886C731B1618CF0046FB59 /* ActionSheetCustomPickerDelegate.h */,
				20886C741B1618CF0046FB59 /* ActionSheetDatePicker.h */,
				20886C751B1618CF0046FB59 /* ActionSheetDatePicker.m */,
				20886C761B1618CF0046FB59 /* ActionSheetDistancePicker.h */,
				20886C771B1618CF0046FB59 /* ActionSheetDistancePicker.m */,
				20886C781B1618CF0046FB59 /* ActionSheetLocalePicker.h */,
				20886C791B1618CF0046FB59 /* ActionSheetLocalePicker.m */,
				20886C7A1B1618CF0046FB59 /* ActionSheetPicker.h */,
				20886C7B1B1618CF0046FB59 /* ActionSheetStringPicker.h */,
				20886C7C1B1618CF0046FB59 /* ActionSheetStringPicker.m */,
				20886C7D1B1618CF0046FB59 /* DistancePickerView.h */,
				20886C7E1B1618CF0046FB59 /* DistancePickerView.m */,
				20886C7F1B1618CF0046FB59 /* SWActionSheet.h */,
				20886C801B1618CF0046FB59 /* SWActionSheet.m */,
			);
			path = Pickers;
			sourceTree = "<group>";
		};
		20886C8C1B1670D50046FB59 /* Source */ = {
			isa = PBXGroup;
			children = (
				20886C8D1B1670D50046FB59 /* UIScrollView+EmptyDataSet.h */,
				20886C8E1B1670D50046FB59 /* UIScrollView+EmptyDataSet.m */,
			);
			path = Source;
			sourceTree = "<group>";
		};
		209027611B1D14DF003637F0 /* UIAlertView-Blocks */ = {
			isa = PBXGroup;
			children = (
				209027621B1D14DF003637F0 /* LICENSE */,
				209027631B1D14DF003637F0 /* README.md */,
				209027641B1D14DF003637F0 /* RIButtonItem.h */,
				209027651B1D14DF003637F0 /* RIButtonItem.m */,
				209027661B1D14DF003637F0 /* UIActionSheet+Blocks.h */,
				209027671B1D14DF003637F0 /* UIActionSheet+Blocks.m */,
				209027681B1D14DF003637F0 /* UIAlertView+Blocks.h */,
				209027691B1D14DF003637F0 /* UIAlertView+Blocks.m */,
				2090276A1B1D14DF003637F0 /* UIAlertView-Blocks.podspec */,
			);
			path = "UIAlertView-Blocks";
			sourceTree = "<group>";
		};
		20EEEFCB1B155DED007EF98D /* Jobs */ = {
			isa = PBXGroup;
			children = (
				20EEEFD41B1576FC007EF98D /* Job.h */,
				20EEEFD51B1576FC007EF98D /* Job.m */,
				20EEEFCC1B155E85007EF98D /* JobsTableCell.h */,
				20EEEFCD1B155E85007EF98D /* JobsTableCell.m */,
				20EEEFDA1B15F839007EF98D /* JobPostingsTableViewController.h */,
				20EEEFDB1B15F839007EF98D /* JobPostingsTableViewController.m */,
				20EEEFD71B157EC2007EF98D /* FiltersTableViewController.h */,
				20EEEFD81B157EC2007EF98D /* FiltersTableViewController.m */,
				20EEEFD11B15732D007EF98D /* SearchResultsTableViewController.h */,
				20EEEFD21B15732D007EF98D /* SearchResultsTableViewController.m */,
				20886C891B163B2D0046FB59 /* JobDetailTableViewController.h */,
				20886C8A1B163B2D0046FB59 /* JobDetailTableViewController.m */,
			);
			name = Jobs;
			sourceTree = "<group>";
		};
		4A9B7D9628B429C85FEF1100 /* Pods */ = {
			isa = PBXGroup;
			children = (
				DD6A8A3A9727E46B4AB39DFC /* Pods-AdenaData.debug.xcconfig */,
				334294167D645AEE4852970C /* Pods-AdenaData.release.xcconfig */,
				7B85962B362627F14588AD4A /* Pods-AdenaDataTests.debug.xcconfig */,
				074B69C51B2C928FDAE833F1 /* Pods-AdenaDataTests.release.xcconfig */,
			);
			name = Pods;
			sourceTree = "<group>";
		};
/* End PBXGroup section */

/* Begin PBXNativeTarget section */
		201703311B0E4429004E280E /* AdenaData */ = {
			isa = PBXNativeTarget;
			buildConfigurationList = 201703551B0E4429004E280E /* Build configuration list for PBXNativeTarget "AdenaData" */;
			buildPhases = (
				FB801856D8ED8D150C5BB50C /* 📦 Check Pods Manifest.lock */,
				2017032E1B0E4429004E280E /* Sources */,
				2017032F1B0E4429004E280E /* Frameworks */,
				201703301B0E4429004E280E /* Resources */,
				5425EDD15F18A78723650248 /* 📦 Embed Pods Frameworks */,
				E490A6BA502D75C8BEC77BD1 /* 📦 Copy Pods Resources */,
			);
			buildRules = (
			);
			dependencies = (
			);
			name = AdenaData;
			productName = AdenaData;
			productReference = 201703321B0E4429004E280E /* AdenaData.app */;
			productType = "com.apple.product-type.application";
		};
		2017034A1B0E4429004E280E /* AdenaDataTests */ = {
			isa = PBXNativeTarget;
			buildConfigurationList = 201703581B0E4429004E280E /* Build configuration list for PBXNativeTarget "AdenaDataTests" */;
			buildPhases = (
				9A24017F3B878C7E2ACD0DE3 /* 📦 Check Pods Manifest.lock */,
				201703471B0E4429004E280E /* Sources */,
				201703481B0E4429004E280E /* Frameworks */,
				201703491B0E4429004E280E /* Resources */,
				C3DC51E9C4BB18513B1D3038 /* 📦 Embed Pods Frameworks */,
				B7D5BE20699A0F48709ED8B1 /* 📦 Copy Pods Resources */,
			);
			buildRules = (
			);
			dependencies = (
				2017034D1B0E4429004E280E /* PBXTargetDependency */,
			);
			name = AdenaDataTests;
			productName = AdenaDataTests;
			productReference = 2017034B1B0E4429004E280E /* AdenaDataTests.xctest */;
			productType = "com.apple.product-type.bundle.unit-test";
		};
/* End PBXNativeTarget section */

/* Begin PBXProject section */
		2017032A1B0E4429004E280E /* Project object */ = {
			isa = PBXProject;
			attributes = {
				LastUpgradeCheck = 0620;
				ORGANIZATIONNAME = AdenaData;
				TargetAttributes = {
					201703311B0E4429004E280E = {
						CreatedOnToolsVersion = 6.2;
						DevelopmentTeam = H875PU7D8W;
						ProvisioningStyle = Automatic;
						SystemCapabilities = {
							com.apple.Push = {
								enabled = 1;
							};
						};
					};
					2017034A1B0E4429004E280E = {
						CreatedOnToolsVersion = 6.2;
						TestTargetID = 201703311B0E4429004E280E;
					};
				};
			};
			buildConfigurationList = 2017032D1B0E4429004E280E /* Build configuration list for PBXProject "AdenaData" */;
			compatibilityVersion = "Xcode 3.2";
			developmentRegion = English;
			hasScannedForEncodings = 0;
			knownRegions = (
				en,
				Base,
			);
			mainGroup = 201703291B0E4429004E280E;
			productRefGroup = 201703331B0E4429004E280E /* Products */;
			projectDirPath = "";
			projectRoot = "";
			targets = (
				201703311B0E4429004E280E /* AdenaData */,
				2017034A1B0E4429004E280E /* AdenaDataTests */,
			);
		};
/* End PBXProject section */

/* Begin PBXResourcesBuildPhase section */
		201703301B0E4429004E280E /* Resources */ = {
			isa = PBXResourcesBuildPhase;
			buildActionMask = 2147483647;
			files = (
				20F5A3001B86AE6300FC7BA5 /* adLink@2x.png in Resources */,
				201703F81B0EBE92004E280E /* DealView.png in Resources */,
				201703971B0E4B40004E280E /* ProgressHUD.bundle in Resources */,
				20497E401B6846B3004A2950 /* adBkgNew@2x.png in Resources */,
				201703E11B0E7712004E280E /* news@2x.png in Resources */,
				20497E6A1B6FE0EC004A2950 /* tour3.png in Resources */,
				20790A691B5724430045481A /* addPhoto@2x.png in Resources */,
				209027701B1D14DF003637F0 /* UIAlertView-Blocks.podspec in Resources */,
				201703411B0E4429004E280E /* Main.storyboard in Resources */,
				20497E481B6852F0004A2950 /* jump@2x.png in Resources */,
				20497DE81B6552D6004A2950 /* addPost@2x.png in Resources */,
				20A8CB841E1D60C200307EF7 /* GoogleService-Info.plist in Resources */,
				20C4E0211E1F08BE0012ECC3 /* adBkgAug@2x.png in Resources */,
				201703EA1B0EA590004E280E /* calendar@2x.png in Resources */,
				20497E461B684E90004A2950 /* adNow@2x.png in Resources */,
				201703D21B0E6665004E280E /* TableCellFade.png in Resources */,
				201703FE1B0F6C57004E280E /* adThumbnail.jpeg in Resources */,
				20497E4E1B6FA46F004A2950 /* searchBarYap.png in Resources */,
				201703DF1B0E7712004E280E /* event@2x.png in Resources */,
				201703F01B0EA9AA004E280E /* info@2x.png in Resources */,
				20497E681B6FE032004A2950 /* tour2.png in Resources */,
				20EEEFD01B156591007EF98D /* searchBarBkg@2x.png in Resources */,
				201703F61B0EBE1D004E280E /* grayView@2x.png in Resources */,
				201703FC1B0EC782004E280E /* photo-frame@2x.png in Resources */,
				20497E521B6FA7F5004A2950 /* searchBkg.png in Resources */,
				201703EE1B0EA73D004E280E /* link@2x.png in Resources */,
				20497E671B6FE032004A2950 /* tour1.png in Resources */,
				20790A611B571F1D0045481A /* adLogo2@2x.png in Resources */,
				20F5A3011B86AE6300FC7BA5 /* facebookIcon@2x.png in Resources */,
				207804EA1E32B75A00F7AFE9 /* Default-568h@2x.png in Resources */,
				201703FB1B0EC782004E280E /* photo-frame.png in Resources */,
				201703E31B0E783D004E280E /* home@2x.png in Resources */,
				20790A741B57F9970045481A /* mapIcon@2x.png in Resources */,
				20790A7B1B5817540045481A /* clock@2x.png in Resources */,
				20790A761B58013E0045481A /* adBkg2@2x.png in Resources */,
				201703D01B0E654E004E280E /* orangeBar@2x.png in Resources */,
				203A1B791B16061700E0D132 /* cancelWhite@2x.png in Resources */,
				2090276B1B1D14DF003637F0 /* LICENSE in Resources */,
				20790A6F1B5749F40045481A /* addPostTwo@2x.png in Resources */,
				201703461B0E4429004E280E /* LaunchScreen.xib in Resources */,
				20F5A3021B86AE6300FC7BA5 /* twitterIcon@2x.png in Resources */,
				201703431B0E4429004E280E /* Images.xcassets in Resources */,
				201703F41B0EAF03004E280E /* adenaDataSmall@2x.png in Resources */,
				20EEEFC71B155B6C007EF98D /* jobs@2x.png in Resources */,
				201186161B419AF400A59D55 /* adBkg@2x.png in Resources */,
				20F5A2F61B8620A900FC7BA5 /* cancel@2x.png in Resources */,
				201703C31B0E5BAB004E280E /* DateTools.bundle in Resources */,
			);
			runOnlyForDeploymentPostprocessing = 0;
		};
		201703491B0E4429004E280E /* Resources */ = {
			isa = PBXResourcesBuildPhase;
			buildActionMask = 2147483647;
			files = (
			);
			runOnlyForDeploymentPostprocessing = 0;
		};
/* End PBXResourcesBuildPhase section */

/* Begin PBXShellScriptBuildPhase section */
		5425EDD15F18A78723650248 /* 📦 Embed Pods Frameworks */ = {
			isa = PBXShellScriptBuildPhase;
			buildActionMask = 2147483647;
			files = (
			);
			inputPaths = (
			);
			name = "📦 Embed Pods Frameworks";
			outputPaths = (
			);
			runOnlyForDeploymentPostprocessing = 0;
			shellPath = /bin/sh;
			shellScript = "\"${SRCROOT}/Pods/Target Support Files/Pods-AdenaData/Pods-AdenaData-frameworks.sh\"\n";
			showEnvVarsInLog = 0;
		};
		9A24017F3B878C7E2ACD0DE3 /* 📦 Check Pods Manifest.lock */ = {
			isa = PBXShellScriptBuildPhase;
			buildActionMask = 2147483647;
			files = (
			);
			inputPaths = (
			);
			name = "📦 Check Pods Manifest.lock";
			outputPaths = (
			);
			runOnlyForDeploymentPostprocessing = 0;
			shellPath = /bin/sh;
			shellScript = "diff \"${PODS_ROOT}/../Podfile.lock\" \"${PODS_ROOT}/Manifest.lock\" > /dev/null\nif [[ $? != 0 ]] ; then\n    cat << EOM\nerror: The sandbox is not in sync with the Podfile.lock. Run 'pod install' or update your CocoaPods installation.\nEOM\n    exit 1\nfi\n";
			showEnvVarsInLog = 0;
		};
		B7D5BE20699A0F48709ED8B1 /* 📦 Copy Pods Resources */ = {
			isa = PBXShellScriptBuildPhase;
			buildActionMask = 2147483647;
			files = (
			);
			inputPaths = (
			);
			name = "📦 Copy Pods Resources";
			outputPaths = (
			);
			runOnlyForDeploymentPostprocessing = 0;
			shellPath = /bin/sh;
			shellScript = "\"${SRCROOT}/Pods/Target Support Files/Pods-AdenaDataTests/Pods-AdenaDataTests-resources.sh\"\n";
			showEnvVarsInLog = 0;
		};
		C3DC51E9C4BB18513B1D3038 /* 📦 Embed Pods Frameworks */ = {
			isa = PBXShellScriptBuildPhase;
			buildActionMask = 2147483647;
			files = (
			);
			inputPaths = (
			);
			name = "📦 Embed Pods Frameworks";
			outputPaths = (
			);
			runOnlyForDeploymentPostprocessing = 0;
			shellPath = /bin/sh;
			shellScript = "\"${SRCROOT}/Pods/Target Support Files/Pods-AdenaDataTests/Pods-AdenaDataTests-frameworks.sh\"\n";
			showEnvVarsInLog = 0;
		};
		E490A6BA502D75C8BEC77BD1 /* 📦 Copy Pods Resources */ = {
			isa = PBXShellScriptBuildPhase;
			buildActionMask = 2147483647;
			files = (
			);
			inputPaths = (
			);
			name = "📦 Copy Pods Resources";
			outputPaths = (
			);
			runOnlyForDeploymentPostprocessing = 0;
			shellPath = /bin/sh;
			shellScript = "\"${SRCROOT}/Pods/Target Support Files/Pods-AdenaData/Pods-AdenaData-resources.sh\"\n";
			showEnvVarsInLog = 0;
		};
		FB801856D8ED8D150C5BB50C /* 📦 Check Pods Manifest.lock */ = {
			isa = PBXShellScriptBuildPhase;
			buildActionMask = 2147483647;
			files = (
			);
			inputPaths = (
			);
			name = "📦 Check Pods Manifest.lock";
			outputPaths = (
			);
			runOnlyForDeploymentPostprocessing = 0;
			shellPath = /bin/sh;
			shellScript = "diff \"${PODS_ROOT}/../Podfile.lock\" \"${PODS_ROOT}/Manifest.lock\" > /dev/null\nif [[ $? != 0 ]] ; then\n    cat << EOM\nerror: The sandbox is not in sync with the Podfile.lock. Run 'pod install' or update your CocoaPods installation.\nEOM\n    exit 1\nfi\n";
			showEnvVarsInLog = 0;
		};
/* End PBXShellScriptBuildPhase section */

/* Begin PBXSourcesBuildPhase section */
		2017032E1B0E4429004E280E /* Sources */ = {
			isa = PBXSourcesBuildPhase;
			buildActionMask = 2147483647;
			files = (
				20EEEFDC1B15F839007EF98D /* JobPostingsTableViewController.m in Sources */,
				20EEEFD91B157EC2007EF98D /* FiltersTableViewController.m in Sources */,
				20EEEFCE1B155E85007EF98D /* JobsTableCell.m in Sources */,
				20497E3C1B682636004A2950 /* ADNowNavController.m in Sources */,
				201703981B0E4B40004E280E /* ProgressHUD.m in Sources */,
				201703C81B0E5BAB004E280E /* DTTimePeriodGroup.m in Sources */,
				20886C851B1618CF0046FB59 /* ActionSheetLocalePicker.m in Sources */,
				201703C61B0E5BAB004E280E /* DTTimePeriodChain.m in Sources */,
				20886C821B1618CF0046FB59 /* ActionSheetCustomPicker.m in Sources */,
				201703831B0E4824004E280E /* NewsTableViewController.m in Sources */,
				2017033B1B0E4429004E280E /* AppDelegate.m in Sources */,
				201703C51B0E5BAB004E280E /* DTTimePeriod.m in Sources */,
				201703CD1B0E63B9004E280E /* Event.m in Sources */,
				20790A571B571CB50045481A /* ForumTableCell.m in Sources */,
				201703C91B0E5BAB004E280E /* NSDate+DateTools.m in Sources */,
				20790A661B571FC20045481A /* AddPostTableViewController.m in Sources */,
				2017039B1B0E502F004E280E /* NewsArticle.m in Sources */,
				20497E391B6815CB004A2950 /* CustomNavController.m in Sources */,
				20886C8B1B163B2D0046FB59 /* JobDetailTableViewController.m in Sources */,
				20790A791B58019B0045481A /* WelcomeViewController.m in Sources */,
				20EEEFD31B15732D007EF98D /* SearchResultsTableViewController.m in Sources */,
				20497E4B1B6AD335004A2950 /* LocationViewController.m in Sources */,
				20790A531B571C870045481A /* ForumTableViewController.m in Sources */,
				20EEEFD61B1576FC007EF98D /* Job.m in Sources */,
				20497E5B1B6FA9FD004A2950 /* TourViewController.m in Sources */,
				2090276C1B1D14DF003637F0 /* README.md in Sources */,
				20886C861B1618CF0046FB59 /* ActionSheetStringPicker.m in Sources */,
				2017038F1B0E4902004E280E /* EventsTableCell.m in Sources */,
				200FE97B1B1CA9FF00B87640 /* NotificationViewController.m in Sources */,
				2090276E1B1D14DF003637F0 /* UIActionSheet+Blocks.m in Sources */,
				20886C811B1618CF0046FB59 /* AbstractActionSheetPicker.m in Sources */,
				201703381B0E4429004E280E /* main.m in Sources */,
				20886C841B1618CF0046FB59 /* ActionSheetDistancePicker.m in Sources */,
				20886C8F1B1670D50046FB59 /* UIScrollView+EmptyDataSet.m in Sources */,
				20886C881B1618CF0046FB59 /* SWActionSheet.m in Sources */,
				20886C871B1618CF0046FB59 /* DistancePickerView.m in Sources */,
				2090276D1B1D14DF003637F0 /* RIButtonItem.m in Sources */,
				201703C41B0E5BAB004E280E /* DTError.m in Sources */,
				201703C71B0E5BAB004E280E /* DTTimePeriodCollection.m in Sources */,
				2090276F1B1D14DF003637F0 /* UIAlertView+Blocks.m in Sources */,
				201703921B0E4A83004E280E /* NewsDetailViewController.m in Sources */,
				20790A6C1B57375B0045481A /* JGActionSheet.m in Sources */,
				20886C831B1618CF0046FB59 /* ActionSheetDatePicker.m in Sources */,
				201703E61B0E861A004E280E /* EventDetailTableViewController.m in Sources */,
				20790A721B57F1890045481A /* PostDetailTableViewController.m in Sources */,
				2017038C1B0E48EF004E280E /* NewsTableCell.m in Sources */,
				201703881B0E4853004E280E /* EventsTableViewController.m in Sources */,
				201703801B0E4808004E280E /* HomeViewController.m in Sources */,
			);
			runOnlyForDeploymentPostprocessing = 0;
		};
		201703471B0E4429004E280E /* Sources */ = {
			isa = PBXSourcesBuildPhase;
			buildActionMask = 2147483647;
			files = (
				201703521B0E4429004E280E /* AdenaDataTests.m in Sources */,
			);
			runOnlyForDeploymentPostprocessing = 0;
		};
/* End PBXSourcesBuildPhase section */

/* Begin PBXTargetDependency section */
		2017034D1B0E4429004E280E /* PBXTargetDependency */ = {
			isa = PBXTargetDependency;
			target = 201703311B0E4429004E280E /* AdenaData */;
			targetProxy = 2017034C1B0E4429004E280E /* PBXContainerItemProxy */;
		};
/* End PBXTargetDependency section */

/* Begin PBXVariantGroup section */
		2017033F1B0E4429004E280E /* Main.storyboard */ = {
			isa = PBXVariantGroup;
			children = (
				201703401B0E4429004E280E /* Base */,
			);
			name = Main.storyboard;
			sourceTree = "<group>";
		};
		201703441B0E4429004E280E /* LaunchScreen.xib */ = {
			isa = PBXVariantGroup;
			children = (
				201703451B0E4429004E280E /* Base */,
			);
			name = LaunchScreen.xib;
			sourceTree = "<group>";
		};
/* End PBXVariantGroup section */

/* Begin XCBuildConfiguration section */
		201703531B0E4429004E280E /* Debug */ = {
			isa = XCBuildConfiguration;
			buildSettings = {
				ALWAYS_SEARCH_USER_PATHS = NO;
				CLANG_CXX_LANGUAGE_STANDARD = "gnu++0x";
				CLANG_CXX_LIBRARY = "libc++";
				CLANG_ENABLE_MODULES = YES;
				CLANG_ENABLE_OBJC_ARC = YES;
				CLANG_WARN_BOOL_CONVERSION = YES;
				CLANG_WARN_CONSTANT_CONVERSION = YES;
				CLANG_WARN_DIRECT_OBJC_ISA_USAGE = YES_ERROR;
				CLANG_WARN_EMPTY_BODY = YES;
				CLANG_WARN_ENUM_CONVERSION = YES;
				CLANG_WARN_INT_CONVERSION = YES;
				CLANG_WARN_OBJC_ROOT_CLASS = YES_ERROR;
				CLANG_WARN_UNREACHABLE_CODE = YES;
				CLANG_WARN__DUPLICATE_METHOD_MATCH = YES;
				CODE_SIGN_IDENTITY = "iPhone Distribution: Adena Data, LLC (H875PU7D8W)";
				"CODE_SIGN_IDENTITY[sdk=iphoneos*]" = "iPhone Distribution: Adena Data, LLC (H875PU7D8W)";
				COPY_PHASE_STRIP = NO;
				ENABLE_STRICT_OBJC_MSGSEND = YES;
				GCC_C_LANGUAGE_STANDARD = gnu99;
				GCC_DYNAMIC_NO_PIC = NO;
				GCC_OPTIMIZATION_LEVEL = 0;
				GCC_PREPROCESSOR_DEFINITIONS = (
					"DEBUG=1",
					"$(inherited)",
				);
				GCC_SYMBOLS_PRIVATE_EXTERN = NO;
				GCC_WARN_64_TO_32_BIT_CONVERSION = YES;
				GCC_WARN_ABOUT_RETURN_TYPE = YES_ERROR;
				GCC_WARN_UNDECLARED_SELECTOR = YES;
				GCC_WARN_UNINITIALIZED_AUTOS = YES_AGGRESSIVE;
				GCC_WARN_UNUSED_FUNCTION = YES;
				GCC_WARN_UNUSED_VARIABLE = YES;
				IPHONEOS_DEPLOYMENT_TARGET = 8.2;
				MTL_ENABLE_DEBUG_INFO = YES;
				ONLY_ACTIVE_ARCH = YES;
				PROVISIONING_PROFILE = "";
				SDKROOT = iphoneos;
			};
			name = Debug;
		};
		201703541B0E4429004E280E /* Release */ = {
			isa = XCBuildConfiguration;
			buildSettings = {
				ALWAYS_SEARCH_USER_PATHS = NO;
				CLANG_CXX_LANGUAGE_STANDARD = "gnu++0x";
				CLANG_CXX_LIBRARY = "libc++";
				CLANG_ENABLE_MODULES = YES;
				CLANG_ENABLE_OBJC_ARC = YES;
				CLANG_WARN_BOOL_CONVERSION = YES;
				CLANG_WARN_CONSTANT_CONVERSION = YES;
				CLANG_WARN_DIRECT_OBJC_ISA_USAGE = YES_ERROR;
				CLANG_WARN_EMPTY_BODY = YES;
				CLANG_WARN_ENUM_CONVERSION = YES;
				CLANG_WARN_INT_CONVERSION = YES;
				CLANG_WARN_OBJC_ROOT_CLASS = YES_ERROR;
				CLANG_WARN_UNREACHABLE_CODE = YES;
				CLANG_WARN__DUPLICATE_METHOD_MATCH = YES;
				CODE_SIGN_IDENTITY = "iPhone Distribution: Adena Data, LLC (H875PU7D8W)";
				"CODE_SIGN_IDENTITY[sdk=iphoneos*]" = "iPhone Distribution: Adena Data, LLC (H875PU7D8W)";
				COPY_PHASE_STRIP = NO;
				ENABLE_NS_ASSERTIONS = NO;
				ENABLE_STRICT_OBJC_MSGSEND = YES;
				GCC_C_LANGUAGE_STANDARD = gnu99;
				GCC_WARN_64_TO_32_BIT_CONVERSION = YES;
				GCC_WARN_ABOUT_RETURN_TYPE = YES_ERROR;
				GCC_WARN_UNDECLARED_SELECTOR = YES;
				GCC_WARN_UNINITIALIZED_AUTOS = YES_AGGRESSIVE;
				GCC_WARN_UNUSED_FUNCTION = YES;
				GCC_WARN_UNUSED_VARIABLE = YES;
				IPHONEOS_DEPLOYMENT_TARGET = 8.2;
				MTL_ENABLE_DEBUG_INFO = NO;
				PROVISIONING_PROFILE = "";
				SDKROOT = iphoneos;
				VALIDATE_PRODUCT = YES;
			};
			name = Release;
		};
		201703561B0E4429004E280E /* Debug */ = {
			isa = XCBuildConfiguration;
			baseConfigurationReference = DD6A8A3A9727E46B4AB39DFC /* Pods-AdenaData.debug.xcconfig */;
			buildSettings = {
				ASSETCATALOG_COMPILER_APPICON_NAME = AppIcon;
				ASSETCATALOG_COMPILER_LAUNCHIMAGE_NAME = LaunchImage;
				CODE_SIGN_ENTITLEMENTS = AdenaData/AdenaData.entitlements;
				CODE_SIGN_IDENTITY = "iPhone Distribution: Adena Data, LLC (H875PU7D8W)";
				"CODE_SIGN_IDENTITY[sdk=iphoneos*]" = "iPhone Developer";
				DEVELOPMENT_TEAM = H875PU7D8W;
				FRAMEWORK_SEARCH_PATHS = (
					"$(inherited)",
					"$(PROJECT_DIR)/AdenaData",
				);
				INFOPLIST_FILE = AdenaData/Info.plist;
				IPHONEOS_DEPLOYMENT_TARGET = 7.0;
				LD_RUNPATH_SEARCH_PATHS = "$(inherited) @executable_path/Frameworks";
				PRODUCT_NAME = "$(TARGET_NAME)";
				PROVISIONING_PROFILE = "";
			};
			name = Debug;
		};
		201703571B0E4429004E280E /* Release */ = {
			isa = XCBuildConfiguration;
			baseConfigurationReference = 334294167D645AEE4852970C /* Pods-AdenaData.release.xcconfig */;
			buildSettings = {
				ASSETCATALOG_COMPILER_APPICON_NAME = AppIcon;
				ASSETCATALOG_COMPILER_LAUNCHIMAGE_NAME = LaunchImage;
				CODE_SIGN_ENTITLEMENTS = AdenaData/AdenaData.entitlements;
				CODE_SIGN_IDENTITY = "iPhone Distribution: Adena Data, LLC (H875PU7D8W)";
				"CODE_SIGN_IDENTITY[sdk=iphoneos*]" = "iPhone Developer";
				DEVELOPMENT_TEAM = H875PU7D8W;
				FRAMEWORK_SEARCH_PATHS = (
					"$(inherited)",
					"$(PROJECT_DIR)/AdenaData",
				);
				INFOPLIST_FILE = AdenaData/Info.plist;
				IPHONEOS_DEPLOYMENT_TARGET = 7.0;
				LD_RUNPATH_SEARCH_PATHS = "$(inherited) @executable_path/Frameworks";
				PRODUCT_NAME = "$(TARGET_NAME)";
				PROVISIONING_PROFILE = "";
			};
			name = Release;
		};
		201703591B0E4429004E280E /* Debug */ = {
			isa = XCBuildConfiguration;
			baseConfigurationReference = 7B85962B362627F14588AD4A /* Pods-AdenaDataTests.debug.xcconfig */;
			buildSettings = {
				BUNDLE_LOADER = "$(TEST_HOST)";
				FRAMEWORK_SEARCH_PATHS = (
					"$(SDKROOT)/Developer/Library/Frameworks",
					"$(inherited)",
				);
				GCC_PREPROCESSOR_DEFINITIONS = (
					"DEBUG=1",
					"$(inherited)",
				);
				INFOPLIST_FILE = AdenaDataTests/Info.plist;
				LD_RUNPATH_SEARCH_PATHS = "$(inherited) @executable_path/Frameworks @loader_path/Frameworks";
				PRODUCT_NAME = "$(TARGET_NAME)";
				TEST_HOST = "$(BUILT_PRODUCTS_DIR)/AdenaData.app/AdenaData";
			};
			name = Debug;
		};
		2017035A1B0E4429004E280E /* Release */ = {
			isa = XCBuildConfiguration;
			baseConfigurationReference = 074B69C51B2C928FDAE833F1 /* Pods-AdenaDataTests.release.xcconfig */;
			buildSettings = {
				BUNDLE_LOADER = "$(TEST_HOST)";
				FRAMEWORK_SEARCH_PATHS = (
					"$(SDKROOT)/Developer/Library/Frameworks",
					"$(inherited)",
				);
				INFOPLIST_FILE = AdenaDataTests/Info.plist;
				LD_RUNPATH_SEARCH_PATHS = "$(inherited) @executable_path/Frameworks @loader_path/Frameworks";
				PRODUCT_NAME = "$(TARGET_NAME)";
				TEST_HOST = "$(BUILT_PRODUCTS_DIR)/AdenaData.app/AdenaData";
			};
			name = Release;
		};
/* End XCBuildConfiguration section */

/* Begin XCConfigurationList section */
		2017032D1B0E4429004E280E /* Build configuration list for PBXProject "AdenaData" */ = {
			isa = XCConfigurationList;
			buildConfigurations = (
				201703531B0E4429004E280E /* Debug */,
				201703541B0E4429004E280E /* Release */,
			);
			defaultConfigurationIsVisible = 0;
			defaultConfigurationName = Release;
		};
		201703551B0E4429004E280E /* Build configuration list for PBXNativeTarget "AdenaData" */ = {
			isa = XCConfigurationList;
			buildConfigurations = (
				201703561B0E4429004E280E /* Debug */,
				201703571B0E4429004E280E /* Release */,
			);
			defaultConfigurationIsVisible = 0;
			defaultConfigurationName = Release;
		};
		201703581B0E4429004E280E /* Build configuration list for PBXNativeTarget "AdenaDataTests" */ = {
			isa = XCConfigurationList;
			buildConfigurations = (
				201703591B0E4429004E280E /* Debug */,
				2017035A1B0E4429004E280E /* Release */,
			);
			defaultConfigurationIsVisible = 0;
			defaultConfigurationName = Release;
		};
/* End XCConfigurationList section */
	};
	rootObject = 2017032A1B0E4429004E280E /* Project object */;
}
